// !$*UTF8*$!
{
	archiveVersion = 1;
	classes = {
	};
	objectVersion = 48;
	objects = {

/* Begin PBXBuildFile section */
		1E290C83202B3A2000B6FCC4 /* GridViewCell.swift in Sources */ = {isa = PBXBuildFile; fileRef = 1E290C82202B3A2000B6FCC4 /* GridViewCell.swift */; };
		1E290C85202B468300B6FCC4 /* DetailPhotosViewController.swift in Sources */ = {isa = PBXBuildFile; fileRef = 1E290C84202B468300B6FCC4 /* DetailPhotosViewController.swift */; };
		1E290C87202B51EF00B6FCC4 /* AnimatedImageView.swift in Sources */ = {isa = PBXBuildFile; fileRef = 1E290C86202B51EF00B6FCC4 /* AnimatedImageView.swift */; };
		1E290C89202B578400B6FCC4 /* AnimatedImage.swift in Sources */ = {isa = PBXBuildFile; fileRef = 1E290C88202B578400B6FCC4 /* AnimatedImage.swift */; };
		1E40AB2720124ACF001CC2C5 /* AppDelegate.swift in Sources */ = {isa = PBXBuildFile; fileRef = 1E40AB2620124ACF001CC2C5 /* AppDelegate.swift */; };
		1E40AB2E20124ACF001CC2C5 /* Assets.xcassets in Resources */ = {isa = PBXBuildFile; fileRef = 1E40AB2D20124ACF001CC2C5 /* Assets.xcassets */; };
		1E40AB3120124ACF001CC2C5 /* LaunchScreen.storyboard in Resources */ = {isa = PBXBuildFile; fileRef = 1E40AB2F20124ACF001CC2C5 /* LaunchScreen.storyboard */; };
		1E40AB3C20124ACF001CC2C5 /* GajumalTests.swift in Sources */ = {isa = PBXBuildFile; fileRef = 1E40AB3B20124ACF001CC2C5 /* GajumalTests.swift */; };
		1E40AB4720124ACF001CC2C5 /* GajumalUITests.swift in Sources */ = {isa = PBXBuildFile; fileRef = 1E40AB4620124ACF001CC2C5 /* GajumalUITests.swift */; };
		1E40AB5720124C1F001CC2C5 /* SplashViewContrlller.swift in Sources */ = {isa = PBXBuildFile; fileRef = 1E40AB5620124C1F001CC2C5 /* SplashViewContrlller.swift */; };
		1E40AB5920124C67001CC2C5 /* Splash.storyboard in Resources */ = {isa = PBXBuildFile; fileRef = 1E40AB5820124C67001CC2C5 /* Splash.storyboard */; };
		1E40AB5D20124EC9001CC2C5 /* AlbumHomeViewController.swift in Sources */ = {isa = PBXBuildFile; fileRef = 1E40AB5C20124EC9001CC2C5 /* AlbumHomeViewController.swift */; };
		1E40AB6120124F0F001CC2C5 /* MainTabbarController.swift in Sources */ = {isa = PBXBuildFile; fileRef = 1E40AB6020124F0F001CC2C5 /* MainTabbarController.swift */; };
		1E40AB6320124F2F001CC2C5 /* MainTabbar.storyboard in Resources */ = {isa = PBXBuildFile; fileRef = 1E40AB6220124F2F001CC2C5 /* MainTabbar.storyboard */; };
		1E40AB6820138B90001CC2C5 /* ExplainViewController.swift in Sources */ = {isa = PBXBuildFile; fileRef = 1E40AB6720138B90001CC2C5 /* ExplainViewController.swift */; };
		1E40AB6A20138B9E001CC2C5 /* Explain.storyboard in Resources */ = {isa = PBXBuildFile; fileRef = 1E40AB6920138B9E001CC2C5 /* Explain.storyboard */; };
		1E40AB6C20138BD1001CC2C5 /* TakePhotosViewController.swift in Sources */ = {isa = PBXBuildFile; fileRef = 1E40AB6B20138BD1001CC2C5 /* TakePhotosViewController.swift */; };
		1E40AB6E20138BE2001CC2C5 /* TakePhotos.storyboard in Resources */ = {isa = PBXBuildFile; fileRef = 1E40AB6D20138BE2001CC2C5 /* TakePhotos.storyboard */; };
		1E40AB7020138BFB001CC2C5 /* AdminAccountViewController.swift in Sources */ = {isa = PBXBuildFile; fileRef = 1E40AB6F20138BFB001CC2C5 /* AdminAccountViewController.swift */; };
		1E40AB7220138C0C001CC2C5 /* AdminAccount.storyboard in Resources */ = {isa = PBXBuildFile; fileRef = 1E40AB7120138C0C001CC2C5 /* AdminAccount.storyboard */; };
		1E40AB762013A67D001CC2C5 /* AlbumTableViewCell.swift in Sources */ = {isa = PBXBuildFile; fileRef = 1E40AB742013A67D001CC2C5 /* AlbumTableViewCell.swift */; };
		1E40AB772013A67D001CC2C5 /* AlbumTableViewCell.xib in Resources */ = {isa = PBXBuildFile; fileRef = 1E40AB752013A67D001CC2C5 /* AlbumTableViewCell.xib */; };
		1E40AB792013AC68001CC2C5 /* AlbumTableViewController.swift in Sources */ = {isa = PBXBuildFile; fileRef = 1E40AB782013AC68001CC2C5 /* AlbumTableViewController.swift */; };
		1E842B4B201D666C009E26DB /* ChoosePhotosViewController.swift in Sources */ = {isa = PBXBuildFile; fileRef = 1E842B4A201D666C009E26DB /* ChoosePhotosViewController.swift */; };
		1E842B4D201D668B009E26DB /* ChoosePhotos.storyboard in Resources */ = {isa = PBXBuildFile; fileRef = 1E842B4C201D668B009E26DB /* ChoosePhotos.storyboard */; };
		1E842B53201D67B9009E26DB /* logo (1).png in Resources */ = {isa = PBXBuildFile; fileRef = 1E842B50201D67B8009E26DB /* logo (1).png */; };
		1E842B54201D67B9009E26DB /* notice.png in Resources */ = {isa = PBXBuildFile; fileRef = 1E842B51201D67B8009E26DB /* notice.png */; };
		1E842B55201D67B9009E26DB /* logo (2).png in Resources */ = {isa = PBXBuildFile; fileRef = 1E842B52201D67B9009E26DB /* logo (2).png */; };
		1E842B58201D68BB009E26DB /* Malaysia_Skyscrapers_447585.jpg in Resources */ = {isa = PBXBuildFile; fileRef = 1E842B57201D68BB009E26DB /* Malaysia_Skyscrapers_447585.jpg */; };
		1EDA1C50201C548100739707 /* AlbumHome.storyboard in Resources */ = {isa = PBXBuildFile; fileRef = 1EDA1C4F201C548100739707 /* AlbumHome.storyboard */; };
/* End PBXBuildFile section */

/* Begin PBXContainerItemProxy section */
		1E40AB3820124ACF001CC2C5 /* PBXContainerItemProxy */ = {
			isa = PBXContainerItemProxy;
			containerPortal = 1E40AB1B20124ACE001CC2C5 /* Project object */;
			proxyType = 1;
			remoteGlobalIDString = 1E40AB2220124ACE001CC2C5;
			remoteInfo = Gajumal;
		};
		1E40AB4320124ACF001CC2C5 /* PBXContainerItemProxy */ = {
			isa = PBXContainerItemProxy;
			containerPortal = 1E40AB1B20124ACE001CC2C5 /* Project object */;
			proxyType = 1;
			remoteGlobalIDString = 1E40AB2220124ACE001CC2C5;
			remoteInfo = Gajumal;
		};
/* End PBXContainerItemProxy section */

/* Begin PBXFileReference section */
		1E290C82202B3A2000B6FCC4 /* GridViewCell.swift */ = {isa = PBXFileReference; lastKnownFileType = sourcecode.swift; path = GridViewCell.swift; sourceTree = "<group>"; };
		1E290C84202B468300B6FCC4 /* DetailPhotosViewController.swift */ = {isa = PBXFileReference; lastKnownFileType = sourcecode.swift; path = DetailPhotosViewController.swift; sourceTree = "<group>"; };
		1E290C86202B51EF00B6FCC4 /* AnimatedImageView.swift */ = {isa = PBXFileReference; lastKnownFileType = sourcecode.swift; path = AnimatedImageView.swift; sourceTree = "<group>"; };
		1E290C88202B578400B6FCC4 /* AnimatedImage.swift */ = {isa = PBXFileReference; lastKnownFileType = sourcecode.swift; path = AnimatedImage.swift; sourceTree = "<group>"; };
		1E40AB2320124ACE001CC2C5 /* Gajumal.app */ = {isa = PBXFileReference; explicitFileType = wrapper.application; includeInIndex = 0; path = Gajumal.app; sourceTree = BUILT_PRODUCTS_DIR; };
		1E40AB2620124ACF001CC2C5 /* AppDelegate.swift */ = {isa = PBXFileReference; lastKnownFileType = sourcecode.swift; path = AppDelegate.swift; sourceTree = "<group>"; };
		1E40AB2D20124ACF001CC2C5 /* Assets.xcassets */ = {isa = PBXFileReference; lastKnownFileType = folder.assetcatalog; path = Assets.xcassets; sourceTree = "<group>"; };
		1E40AB3020124ACF001CC2C5 /* Base */ = {isa = PBXFileReference; lastKnownFileType = file.storyboard; name = Base; path = Base.lproj/LaunchScreen.storyboard; sourceTree = "<group>"; };
		1E40AB3220124ACF001CC2C5 /* Info.plist */ = {isa = PBXFileReference; lastKnownFileType = text.plist.xml; path = Info.plist; sourceTree = "<group>"; };
		1E40AB3720124ACF001CC2C5 /* GajumalTests.xctest */ = {isa = PBXFileReference; explicitFileType = wrapper.cfbundle; includeInIndex = 0; path = GajumalTests.xctest; sourceTree = BUILT_PRODUCTS_DIR; };
		1E40AB3B20124ACF001CC2C5 /* GajumalTests.swift */ = {isa = PBXFileReference; lastKnownFileType = sourcecode.swift; path = GajumalTests.swift; sourceTree = "<group>"; };
		1E40AB3D20124ACF001CC2C5 /* Info.plist */ = {isa = PBXFileReference; lastKnownFileType = text.plist.xml; path = Info.plist; sourceTree = "<group>"; };
		1E40AB4220124ACF001CC2C5 /* GajumalUITests.xctest */ = {isa = PBXFileReference; explicitFileType = wrapper.cfbundle; includeInIndex = 0; path = GajumalUITests.xctest; sourceTree = BUILT_PRODUCTS_DIR; };
		1E40AB4620124ACF001CC2C5 /* GajumalUITests.swift */ = {isa = PBXFileReference; lastKnownFileType = sourcecode.swift; path = GajumalUITests.swift; sourceTree = "<group>"; };
		1E40AB4820124ACF001CC2C5 /* Info.plist */ = {isa = PBXFileReference; lastKnownFileType = text.plist.xml; path = Info.plist; sourceTree = "<group>"; };
		1E40AB5620124C1F001CC2C5 /* SplashViewContrlller.swift */ = {isa = PBXFileReference; lastKnownFileType = sourcecode.swift; path = SplashViewContrlller.swift; sourceTree = "<group>"; };
		1E40AB5820124C67001CC2C5 /* Splash.storyboard */ = {isa = PBXFileReference; lastKnownFileType = file.storyboard; path = Splash.storyboard; sourceTree = "<group>"; };
		1E40AB5C20124EC9001CC2C5 /* AlbumHomeViewController.swift */ = {isa = PBXFileReference; lastKnownFileType = sourcecode.swift; path = AlbumHomeViewController.swift; sourceTree = "<group>"; };
		1E40AB6020124F0F001CC2C5 /* MainTabbarController.swift */ = {isa = PBXFileReference; lastKnownFileType = sourcecode.swift; path = MainTabbarController.swift; sourceTree = "<group>"; };
		1E40AB6220124F2F001CC2C5 /* MainTabbar.storyboard */ = {isa = PBXFileReference; lastKnownFileType = file.storyboard; path = MainTabbar.storyboard; sourceTree = "<group>"; };
		1E40AB6720138B90001CC2C5 /* ExplainViewController.swift */ = {isa = PBXFileReference; lastKnownFileType = sourcecode.swift; path = ExplainViewController.swift; sourceTree = "<group>"; };
		1E40AB6920138B9E001CC2C5 /* Explain.storyboard */ = {isa = PBXFileReference; lastKnownFileType = file.storyboard; path = Explain.storyboard; sourceTree = "<group>"; };
		1E40AB6B20138BD1001CC2C5 /* TakePhotosViewController.swift */ = {isa = PBXFileReference; lastKnownFileType = sourcecode.swift; path = TakePhotosViewController.swift; sourceTree = "<group>"; };
		1E40AB6D20138BE2001CC2C5 /* TakePhotos.storyboard */ = {isa = PBXFileReference; lastKnownFileType = file.storyboard; path = TakePhotos.storyboard; sourceTree = "<group>"; };
		1E40AB6F20138BFB001CC2C5 /* AdminAccountViewController.swift */ = {isa = PBXFileReference; lastKnownFileType = sourcecode.swift; path = AdminAccountViewController.swift; sourceTree = "<group>"; };
		1E40AB7120138C0C001CC2C5 /* AdminAccount.storyboard */ = {isa = PBXFileReference; lastKnownFileType = file.storyboard; path = AdminAccount.storyboard; sourceTree = "<group>"; };
		1E40AB742013A67D001CC2C5 /* AlbumTableViewCell.swift */ = {isa = PBXFileReference; lastKnownFileType = sourcecode.swift; path = AlbumTableViewCell.swift; sourceTree = "<group>"; };
		1E40AB752013A67D001CC2C5 /* AlbumTableViewCell.xib */ = {isa = PBXFileReference; lastKnownFileType = file.xib; path = AlbumTableViewCell.xib; sourceTree = "<group>"; };
		1E40AB782013AC68001CC2C5 /* AlbumTableViewController.swift */ = {isa = PBXFileReference; lastKnownFileType = sourcecode.swift; path = AlbumTableViewController.swift; sourceTree = "<group>"; };
		1E842B4A201D666C009E26DB /* ChoosePhotosViewController.swift */ = {isa = PBXFileReference; lastKnownFileType = sourcecode.swift; path = ChoosePhotosViewController.swift; sourceTree = "<group>"; };
		1E842B4C201D668B009E26DB /* ChoosePhotos.storyboard */ = {isa = PBXFileReference; lastKnownFileType = file.storyboard; path = ChoosePhotos.storyboard; sourceTree = "<group>"; };
		1E842B50201D67B8009E26DB /* logo (1).png */ = {isa = PBXFileReference; lastKnownFileType = image.png; path = "logo (1).png"; sourceTree = "<group>"; };
		1E842B51201D67B8009E26DB /* notice.png */ = {isa = PBXFileReference; lastKnownFileType = image.png; path = notice.png; sourceTree = "<group>"; };
		1E842B52201D67B9009E26DB /* logo (2).png */ = {isa = PBXFileReference; lastKnownFileType = image.png; path = "logo (2).png"; sourceTree = "<group>"; };
		1E842B57201D68BB009E26DB /* Malaysia_Skyscrapers_447585.jpg */ = {isa = PBXFileReference; lastKnownFileType = image.jpeg; path = Malaysia_Skyscrapers_447585.jpg; sourceTree = "<group>"; };
		1EDA1C4F201C548100739707 /* AlbumHome.storyboard */ = {isa = PBXFileReference; lastKnownFileType = file.storyboard; path = AlbumHome.storyboard; sourceTree = "<group>"; };
/* End PBXFileReference section */

/* Begin PBXFrameworksBuildPhase section */
		1E40AB2020124ACE001CC2C5 /* Frameworks */ = {
			isa = PBXFrameworksBuildPhase;
			buildActionMask = 2147483647;
			files = (
			);
			runOnlyForDeploymentPostprocessing = 0;
		};
		1E40AB3420124ACF001CC2C5 /* Frameworks */ = {
			isa = PBXFrameworksBuildPhase;
			buildActionMask = 2147483647;
			files = (
			);
			runOnlyForDeploymentPostprocessing = 0;
		};
		1E40AB3F20124ACF001CC2C5 /* Frameworks */ = {
			isa = PBXFrameworksBuildPhase;
			buildActionMask = 2147483647;
			files = (
			);
			runOnlyForDeploymentPostprocessing = 0;
		};
/* End PBXFrameworksBuildPhase section */

/* Begin PBXGroup section */
		1E40AB1A20124ACE001CC2C5 = {
			isa = PBXGroup;
			children = (
				1E40AB2520124ACE001CC2C5 /* Gajumal */,
				1E842B56201D67C6009E26DB /* resources */,
				1E40AB5520124BE3001CC2C5 /* common */,
				1E40AB5420124AEC001CC2C5 /* splash */,
				1E40AB6520138A96001CC2C5 /* explain */,
				1E40AB5A20124C91001CC2C5 /* global_menu */,
				1E40AB5B20124E87001CC2C5 /* album_home */,
				1E842B49201D663E009E26DB /* choose_photos */,
				1E40AB6420138A6E001CC2C5 /* take_photos */,
				1E40AB6620138B08001CC2C5 /* admin_account */,
				1E40AB3A20124ACF001CC2C5 /* GajumalTests */,
				1E40AB4520124ACF001CC2C5 /* GajumalUITests */,
				1E40AB2420124ACE001CC2C5 /* Products */,
			);
			sourceTree = "<group>";
		};
		1E40AB2420124ACE001CC2C5 /* Products */ = {
			isa = PBXGroup;
			children = (
				1E40AB2320124ACE001CC2C5 /* Gajumal.app */,
				1E40AB3720124ACF001CC2C5 /* GajumalTests.xctest */,
				1E40AB4220124ACF001CC2C5 /* GajumalUITests.xctest */,
			);
			name = Products;
			sourceTree = "<group>";
		};
		1E40AB2520124ACE001CC2C5 /* Gajumal */ = {
			isa = PBXGroup;
			children = (
				1E40AB2620124ACF001CC2C5 /* AppDelegate.swift */,
				1E40AB2D20124ACF001CC2C5 /* Assets.xcassets */,
				1E40AB2F20124ACF001CC2C5 /* LaunchScreen.storyboard */,
				1E40AB3220124ACF001CC2C5 /* Info.plist */,
			);
			path = Gajumal;
			sourceTree = "<group>";
		};
		1E40AB3A20124ACF001CC2C5 /* GajumalTests */ = {
			isa = PBXGroup;
			children = (
				1E40AB3B20124ACF001CC2C5 /* GajumalTests.swift */,
				1E40AB3D20124ACF001CC2C5 /* Info.plist */,
			);
			path = GajumalTests;
			sourceTree = "<group>";
		};
		1E40AB4520124ACF001CC2C5 /* GajumalUITests */ = {
			isa = PBXGroup;
			children = (
				1E40AB4620124ACF001CC2C5 /* GajumalUITests.swift */,
				1E40AB4820124ACF001CC2C5 /* Info.plist */,
			);
			path = GajumalUITests;
			sourceTree = "<group>";
		};
		1E40AB5420124AEC001CC2C5 /* splash */ = {
			isa = PBXGroup;
			children = (
				1E40AB5620124C1F001CC2C5 /* SplashViewContrlller.swift */,
				1E40AB5820124C67001CC2C5 /* Splash.storyboard */,
			);
			path = splash;
			sourceTree = "<group>";
		};
		1E40AB5520124BE3001CC2C5 /* common */ = {
			isa = PBXGroup;
			children = (
			);
			path = common;
			sourceTree = "<group>";
		};
		1E40AB5A20124C91001CC2C5 /* global_menu */ = {
			isa = PBXGroup;
			children = (
				1E40AB6020124F0F001CC2C5 /* MainTabbarController.swift */,
				1E40AB6220124F2F001CC2C5 /* MainTabbar.storyboard */,
			);
			path = global_menu;
			sourceTree = "<group>";
		};
		1E40AB5B20124E87001CC2C5 /* album_home */ = {
			isa = PBXGroup;
			children = (
				1E40AB5C20124EC9001CC2C5 /* AlbumHomeViewController.swift */,
				1E40AB782013AC68001CC2C5 /* AlbumTableViewController.swift */,
				1E40AB742013A67D001CC2C5 /* AlbumTableViewCell.swift */,
				1E40AB752013A67D001CC2C5 /* AlbumTableViewCell.xib */,
				1EDA1C4F201C548100739707 /* AlbumHome.storyboard */,
			);
			path = album_home;
			sourceTree = "<group>";
		};
		1E40AB6420138A6E001CC2C5 /* take_photos */ = {
			isa = PBXGroup;
			children = (
				1E40AB6B20138BD1001CC2C5 /* TakePhotosViewController.swift */,
				1E40AB6D20138BE2001CC2C5 /* TakePhotos.storyboard */,
			);
			path = take_photos;
			sourceTree = "<group>";
		};
		1E40AB6520138A96001CC2C5 /* explain */ = {
			isa = PBXGroup;
			children = (
				1E40AB6720138B90001CC2C5 /* ExplainViewController.swift */,
				1E40AB6920138B9E001CC2C5 /* Explain.storyboard */,
			);
			path = explain;
			sourceTree = "<group>";
		};
		1E40AB6620138B08001CC2C5 /* admin_account */ = {
			isa = PBXGroup;
			children = (
				1E40AB6F20138BFB001CC2C5 /* AdminAccountViewController.swift */,
				1E40AB7120138C0C001CC2C5 /* AdminAccount.storyboard */,
			);
			path = admin_account;
			sourceTree = "<group>";
		};
		1E842B49201D663E009E26DB /* choose_photos */ = {
			isa = PBXGroup;
			children = (
				1E842B4A201D666C009E26DB /* ChoosePhotosViewController.swift */,
				1E842B4C201D668B009E26DB /* ChoosePhotos.storyboard */,
				1E290C82202B3A2000B6FCC4 /* GridViewCell.swift */,
				1E290C84202B468300B6FCC4 /* DetailPhotosViewController.swift */,
				1E290C86202B51EF00B6FCC4 /* AnimatedImageView.swift */,
				1E290C88202B578400B6FCC4 /* AnimatedImage.swift */,
			);
			path = choose_photos;
			sourceTree = "<group>";
		};
		1E842B56201D67C6009E26DB /* resources */ = {
			isa = PBXGroup;
			children = (
				1E842B57201D68BB009E26DB /* Malaysia_Skyscrapers_447585.jpg */,
				1E842B51201D67B8009E26DB /* notice.png */,
				1E842B50201D67B8009E26DB /* logo (1).png */,
				1E842B52201D67B9009E26DB /* logo (2).png */,
			);
			path = resources;
			sourceTree = "<group>";
		};
/* End PBXGroup section */

/* Begin PBXNativeTarget section */
		1E40AB2220124ACE001CC2C5 /* Gajumal */ = {
			isa = PBXNativeTarget;
			buildConfigurationList = 1E40AB4B20124ACF001CC2C5 /* Build configuration list for PBXNativeTarget "Gajumal" */;
			buildPhases = (
				1E40AB1F20124ACE001CC2C5 /* Sources */,
				1E40AB2020124ACE001CC2C5 /* Frameworks */,
				1E40AB2120124ACE001CC2C5 /* Resources */,
			);
			buildRules = (
			);
			dependencies = (
			);
			name = Gajumal;
			productName = Gajumal;
			productReference = 1E40AB2320124ACE001CC2C5 /* Gajumal.app */;
			productType = "com.apple.product-type.application";
		};
		1E40AB3620124ACF001CC2C5 /* GajumalTests */ = {
			isa = PBXNativeTarget;
			buildConfigurationList = 1E40AB4E20124ACF001CC2C5 /* Build configuration list for PBXNativeTarget "GajumalTests" */;
			buildPhases = (
				1E40AB3320124ACF001CC2C5 /* Sources */,
				1E40AB3420124ACF001CC2C5 /* Frameworks */,
				1E40AB3520124ACF001CC2C5 /* Resources */,
			);
			buildRules = (
			);
			dependencies = (
				1E40AB3920124ACF001CC2C5 /* PBXTargetDependency */,
			);
			name = GajumalTests;
			productName = GajumalTests;
			productReference = 1E40AB3720124ACF001CC2C5 /* GajumalTests.xctest */;
			productType = "com.apple.product-type.bundle.unit-test";
		};
		1E40AB4120124ACF001CC2C5 /* GajumalUITests */ = {
			isa = PBXNativeTarget;
			buildConfigurationList = 1E40AB5120124ACF001CC2C5 /* Build configuration list for PBXNativeTarget "GajumalUITests" */;
			buildPhases = (
				1E40AB3E20124ACF001CC2C5 /* Sources */,
				1E40AB3F20124ACF001CC2C5 /* Frameworks */,
				1E40AB4020124ACF001CC2C5 /* Resources */,
			);
			buildRules = (
			);
			dependencies = (
				1E40AB4420124ACF001CC2C5 /* PBXTargetDependency */,
			);
			name = GajumalUITests;
			productName = GajumalUITests;
			productReference = 1E40AB4220124ACF001CC2C5 /* GajumalUITests.xctest */;
			productType = "com.apple.product-type.bundle.ui-testing";
		};
/* End PBXNativeTarget section */

/* Begin PBXProject section */
		1E40AB1B20124ACE001CC2C5 /* Project object */ = {
			isa = PBXProject;
			attributes = {
				LastSwiftUpdateCheck = 0920;
				LastUpgradeCheck = 0920;
				ORGANIZATIONNAME = "井草俊輔";
				TargetAttributes = {
					1E40AB2220124ACE001CC2C5 = {
						CreatedOnToolsVersion = 9.2;
						ProvisioningStyle = Automatic;
					};
					1E40AB3620124ACF001CC2C5 = {
						CreatedOnToolsVersion = 9.2;
						ProvisioningStyle = Automatic;
						TestTargetID = 1E40AB2220124ACE001CC2C5;
					};
					1E40AB4120124ACF001CC2C5 = {
						CreatedOnToolsVersion = 9.2;
						ProvisioningStyle = Automatic;
						TestTargetID = 1E40AB2220124ACE001CC2C5;
					};
				};
			};
			buildConfigurationList = 1E40AB1E20124ACE001CC2C5 /* Build configuration list for PBXProject "Gajumal" */;
			compatibilityVersion = "Xcode 8.0";
			developmentRegion = en;
			hasScannedForEncodings = 0;
			knownRegions = (
				en,
				Base,
			);
			mainGroup = 1E40AB1A20124ACE001CC2C5;
			productRefGroup = 1E40AB2420124ACE001CC2C5 /* Products */;
			projectDirPath = "";
			projectRoot = "";
			targets = (
				1E40AB2220124ACE001CC2C5 /* Gajumal */,
				1E40AB3620124ACF001CC2C5 /* GajumalTests */,
				1E40AB4120124ACF001CC2C5 /* GajumalUITests */,
			);
		};
/* End PBXProject section */

/* Begin PBXResourcesBuildPhase section */
		1E40AB2120124ACE001CC2C5 /* Resources */ = {
			isa = PBXResourcesBuildPhase;
			buildActionMask = 2147483647;
			files = (
				1E40AB6A20138B9E001CC2C5 /* Explain.storyboard in Resources */,
				1E40AB6320124F2F001CC2C5 /* MainTabbar.storyboard in Resources */,
				1E40AB3120124ACF001CC2C5 /* LaunchScreen.storyboard in Resources */,
				1E842B54201D67B9009E26DB /* notice.png in Resources */,
				1E842B53201D67B9009E26DB /* logo (1).png in Resources */,
				1E40AB7220138C0C001CC2C5 /* AdminAccount.storyboard in Resources */,
				1E842B58201D68BB009E26DB /* Malaysia_Skyscrapers_447585.jpg in Resources */,
				1E40AB772013A67D001CC2C5 /* AlbumTableViewCell.xib in Resources */,
				1E40AB6E20138BE2001CC2C5 /* TakePhotos.storyboard in Resources */,
				1EDA1C50201C548100739707 /* AlbumHome.storyboard in Resources */,
				1E40AB2E20124ACF001CC2C5 /* Assets.xcassets in Resources */,
				1E842B55201D67B9009E26DB /* logo (2).png in Resources */,
				1E842B4D201D668B009E26DB /* ChoosePhotos.storyboard in Resources */,
				1E40AB5920124C67001CC2C5 /* Splash.storyboard in Resources */,
			);
			runOnlyForDeploymentPostprocessing = 0;
		};
		1E40AB3520124ACF001CC2C5 /* Resources */ = {
			isa = PBXResourcesBuildPhase;
			buildActionMask = 2147483647;
			files = (
			);
			runOnlyForDeploymentPostprocessing = 0;
		};
		1E40AB4020124ACF001CC2C5 /* Resources */ = {
			isa = PBXResourcesBuildPhase;
			buildActionMask = 2147483647;
			files = (
			);
			runOnlyForDeploymentPostprocessing = 0;
		};
/* End PBXResourcesBuildPhase section */

/* Begin PBXSourcesBuildPhase section */
		1E40AB1F20124ACE001CC2C5 /* Sources */ = {
			isa = PBXSourcesBuildPhase;
			buildActionMask = 2147483647;
			files = (
				1E40AB6C20138BD1001CC2C5 /* TakePhotosViewController.swift in Sources */,
				1E40AB5D20124EC9001CC2C5 /* AlbumHomeViewController.swift in Sources */,
				1E290C83202B3A2000B6FCC4 /* GridViewCell.swift in Sources */,
				1E842B4B201D666C009E26DB /* ChoosePhotosViewController.swift in Sources */,
				1E40AB2720124ACF001CC2C5 /* AppDelegate.swift in Sources */,
				1E40AB6120124F0F001CC2C5 /* MainTabbarController.swift in Sources */,
				1E40AB6820138B90001CC2C5 /* ExplainViewController.swift in Sources */,
				1E290C89202B578400B6FCC4 /* AnimatedImage.swift in Sources */,
				1E40AB5720124C1F001CC2C5 /* SplashViewContrlller.swift in Sources */,
				1E40AB7020138BFB001CC2C5 /* AdminAccountViewController.swift in Sources */,
				1E290C85202B468300B6FCC4 /* DetailPhotosViewController.swift in Sources */,
				1E40AB792013AC68001CC2C5 /* AlbumTableViewController.swift in Sources */,
				1E40AB762013A67D001CC2C5 /* AlbumTableViewCell.swift in Sources */,
				1E290C87202B51EF00B6FCC4 /* AnimatedImageView.swift in Sources */,
			);
			runOnlyForDeploymentPostprocessing = 0;
		};
		1E40AB3320124ACF001CC2C5 /* Sources */ = {
			isa = PBXSourcesBuildPhase;
			buildActionMask = 2147483647;
			files = (
				1E40AB3C20124ACF001CC2C5 /* GajumalTests.swift in Sources */,
			);
			runOnlyForDeploymentPostprocessing = 0;
		};
		1E40AB3E20124ACF001CC2C5 /* Sources */ = {
			isa = PBXSourcesBuildPhase;
			buildActionMask = 2147483647;
			files = (
				1E40AB4720124ACF001CC2C5 /* GajumalUITests.swift in Sources */,
			);
			runOnlyForDeploymentPostprocessing = 0;
		};
/* End PBXSourcesBuildPhase section */

/* Begin PBXTargetDependency section */
		1E40AB3920124ACF001CC2C5 /* PBXTargetDependency */ = {
			isa = PBXTargetDependency;
			target = 1E40AB2220124ACE001CC2C5 /* Gajumal */;
			targetProxy = 1E40AB3820124ACF001CC2C5 /* PBXContainerItemProxy */;
		};
		1E40AB4420124ACF001CC2C5 /* PBXTargetDependency */ = {
			isa = PBXTargetDependency;
			target = 1E40AB2220124ACE001CC2C5 /* Gajumal */;
			targetProxy = 1E40AB4320124ACF001CC2C5 /* PBXContainerItemProxy */;
		};
/* End PBXTargetDependency section */

/* Begin PBXVariantGroup section */
		1E40AB2F20124ACF001CC2C5 /* LaunchScreen.storyboard */ = {
			isa = PBXVariantGroup;
			children = (
				1E40AB3020124ACF001CC2C5 /* Base */,
			);
			name = LaunchScreen.storyboard;
			sourceTree = "<group>";
		};
/* End PBXVariantGroup section */

/* Begin XCBuildConfiguration section */
		1E40AB4920124ACF001CC2C5 /* Debug */ = {
			isa = XCBuildConfiguration;
			buildSettings = {
				ALWAYS_SEARCH_USER_PATHS = NO;
				CLANG_ANALYZER_NONNULL = YES;
				CLANG_ANALYZER_NUMBER_OBJECT_CONVERSION = YES_AGGRESSIVE;
				CLANG_CXX_LANGUAGE_STANDARD = "gnu++14";
				CLANG_CXX_LIBRARY = "libc++";
				CLANG_ENABLE_MODULES = YES;
				CLANG_ENABLE_OBJC_ARC = YES;
				CLANG_WARN_BLOCK_CAPTURE_AUTORELEASING = YES;
				CLANG_WARN_BOOL_CONVERSION = YES;
				CLANG_WARN_COMMA = YES;
				CLANG_WARN_CONSTANT_CONVERSION = YES;
				CLANG_WARN_DIRECT_OBJC_ISA_USAGE = YES_ERROR;
				CLANG_WARN_DOCUMENTATION_COMMENTS = YES;
				CLANG_WARN_EMPTY_BODY = YES;
				CLANG_WARN_ENUM_CONVERSION = YES;
				CLANG_WARN_INFINITE_RECURSION = YES;
				CLANG_WARN_INT_CONVERSION = YES;
				CLANG_WARN_NON_LITERAL_NULL_CONVERSION = YES;
				CLANG_WARN_OBJC_LITERAL_CONVERSION = YES;
				CLANG_WARN_OBJC_ROOT_CLASS = YES_ERROR;
				CLANG_WARN_RANGE_LOOP_ANALYSIS = YES;
				CLANG_WARN_STRICT_PROTOTYPES = YES;
				CLANG_WARN_SUSPICIOUS_MOVE = YES;
				CLANG_WARN_UNGUARDED_AVAILABILITY = YES_AGGRESSIVE;
				CLANG_WARN_UNREACHABLE_CODE = YES;
				CLANG_WARN__DUPLICATE_METHOD_MATCH = YES;
				CODE_SIGN_IDENTITY = "iPhone Developer";
				COPY_PHASE_STRIP = NO;
				DEBUG_INFORMATION_FORMAT = dwarf;
				ENABLE_STRICT_OBJC_MSGSEND = YES;
				ENABLE_TESTABILITY = YES;
				GCC_C_LANGUAGE_STANDARD = gnu11;
				GCC_DYNAMIC_NO_PIC = NO;
				GCC_NO_COMMON_BLOCKS = YES;
				GCC_OPTIMIZATION_LEVEL = 0;
				GCC_PREPROCESSOR_DEFINITIONS = (
					"DEBUG=1",
					"$(inherited)",
				);
				GCC_WARN_64_TO_32_BIT_CONVERSION = YES;
				GCC_WARN_ABOUT_RETURN_TYPE = YES_ERROR;
				GCC_WARN_UNDECLARED_SELECTOR = YES;
				GCC_WARN_UNINITIALIZED_AUTOS = YES_AGGRESSIVE;
				GCC_WARN_UNUSED_FUNCTION = YES;
				GCC_WARN_UNUSED_VARIABLE = YES;
				IPHONEOS_DEPLOYMENT_TARGET = 11.2;
				MTL_ENABLE_DEBUG_INFO = YES;
				ONLY_ACTIVE_ARCH = YES;
				SDKROOT = iphoneos;
				SWIFT_ACTIVE_COMPILATION_CONDITIONS = DEBUG;
				SWIFT_OPTIMIZATION_LEVEL = "-Onone";
			};
			name = Debug;
		};
		1E40AB4A20124ACF001CC2C5 /* Release */ = {
			isa = XCBuildConfiguration;
			buildSettings = {
				ALWAYS_SEARCH_USER_PATHS = NO;
				CLANG_ANALYZER_NONNULL = YES;
				CLANG_ANALYZER_NUMBER_OBJECT_CONVERSION = YES_AGGRESSIVE;
				CLANG_CXX_LANGUAGE_STANDARD = "gnu++14";
				CLANG_CXX_LIBRARY = "libc++";
				CLANG_ENABLE_MODULES = YES;
				CLANG_ENABLE_OBJC_ARC = YES;
				CLANG_WARN_BLOCK_CAPTURE_AUTORELEASING = YES;
				CLANG_WARN_BOOL_CONVERSION = YES;
				CLANG_WARN_COMMA = YES;
				CLANG_WARN_CONSTANT_CONVERSION = YES;
				CLANG_WARN_DIRECT_OBJC_ISA_USAGE = YES_ERROR;
				CLANG_WARN_DOCUMENTATION_COMMENTS = YES;
				CLANG_WARN_EMPTY_BODY = YES;
				CLANG_WARN_ENUM_CONVERSION = YES;
				CLANG_WARN_INFINITE_RECURSION = YES;
				CLANG_WARN_INT_CONVERSION = YES;
				CLANG_WARN_NON_LITERAL_NULL_CONVERSION = YES;
				CLANG_WARN_OBJC_LITERAL_CONVERSION = YES;
				CLANG_WARN_OBJC_ROOT_CLASS = YES_ERROR;
				CLANG_WARN_RANGE_LOOP_ANALYSIS = YES;
				CLANG_WARN_STRICT_PROTOTYPES = YES;
				CLANG_WARN_SUSPICIOUS_MOVE = YES;
				CLANG_WARN_UNGUARDED_AVAILABILITY = YES_AGGRESSIVE;
				CLANG_WARN_UNREACHABLE_CODE = YES;
				CLANG_WARN__DUPLICATE_METHOD_MATCH = YES;
				CODE_SIGN_IDENTITY = "iPhone Developer";
				COPY_PHASE_STRIP = NO;
				DEBUG_INFORMATION_FORMAT = "dwarf-with-dsym";
				ENABLE_NS_ASSERTIONS = NO;
				ENABLE_STRICT_OBJC_MSGSEND = YES;
				GCC_C_LANGUAGE_STANDARD = gnu11;
				GCC_NO_COMMON_BLOCKS = YES;
				GCC_WARN_64_TO_32_BIT_CONVERSION = YES;
				GCC_WARN_ABOUT_RETURN_TYPE = YES_ERROR;
				GCC_WARN_UNDECLARED_SELECTOR = YES;
				GCC_WARN_UNINITIALIZED_AUTOS = YES_AGGRESSIVE;
				GCC_WARN_UNUSED_FUNCTION = YES;
				GCC_WARN_UNUSED_VARIABLE = YES;
				IPHONEOS_DEPLOYMENT_TARGET = 11.2;
				MTL_ENABLE_DEBUG_INFO = NO;
				SDKROOT = iphoneos;
				SWIFT_OPTIMIZATION_LEVEL = "-Owholemodule";
				VALIDATE_PRODUCT = YES;
			};
			name = Release;
		};
		1E40AB4C20124ACF001CC2C5 /* Debug */ = {
			isa = XCBuildConfiguration;
			buildSettings = {
				ASSETCATALOG_COMPILER_APPICON_NAME = AppIcon;
				CODE_SIGN_STYLE = Automatic;
				DEVELOPMENT_TEAM = 4X276R3Z6N;
				INFOPLIST_FILE = Gajumal/Info.plist;
				LD_RUNPATH_SEARCH_PATHS = "$(inherited) @executable_path/Frameworks";
				PRODUCT_BUNDLE_IDENTIFIER = jp.myapp.Gajumal;
				PRODUCT_NAME = "$(TARGET_NAME)";
				SWIFT_VERSION = 4.0;
				TARGETED_DEVICE_FAMILY = "1,2";
			};
			name = Debug;
		};
		1E40AB4D20124ACF001CC2C5 /* Release */ = {
			isa = XCBuildConfiguration;
			buildSettings = {
				ASSETCATALOG_COMPILER_APPICON_NAME = AppIcon;
				CODE_SIGN_STYLE = Automatic;
				DEVELOPMENT_TEAM = 4X276R3Z6N;
				INFOPLIST_FILE = Gajumal/Info.plist;
				LD_RUNPATH_SEARCH_PATHS = "$(inherited) @executable_path/Frameworks";
				PRODUCT_BUNDLE_IDENTIFIER = jp.myapp.Gajumal;
				PRODUCT_NAME = "$(TARGET_NAME)";
				SWIFT_VERSION = 4.0;
				TARGETED_DEVICE_FAMILY = "1,2";
			};
			name = Release;
		};
		1E40AB4F20124ACF001CC2C5 /* Debug */ = {
			isa = XCBuildConfiguration;
			buildSettings = {
				ALWAYS_EMBED_SWIFT_STANDARD_LIBRARIES = YES;
				BUNDLE_LOADER = "$(TEST_HOST)";
				CODE_SIGN_STYLE = Automatic;
				DEVELOPMENT_TEAM = 4X276R3Z6N;
				INFOPLIST_FILE = GajumalTests/Info.plist;
				LD_RUNPATH_SEARCH_PATHS = "$(inherited) @executable_path/Frameworks @loader_path/Frameworks";
				PRODUCT_BUNDLE_IDENTIFIER = jp.myapp.GajumalTests;
				PRODUCT_NAME = "$(TARGET_NAME)";
				SWIFT_VERSION = 4.0;
				TARGETED_DEVICE_FAMILY = "1,2";
				TEST_HOST = "$(BUILT_PRODUCTS_DIR)/Gajumal.app/Gajumal";
			};
			name = Debug;
		};
		1E40AB5020124ACF001CC2C5 /* Release */ = {
			isa = XCBuildConfiguration;
			buildSettings = {
				ALWAYS_EMBED_SWIFT_STANDARD_LIBRARIES = YES;
				BUNDLE_LOADER = "$(TEST_HOST)";
				CODE_SIGN_STYLE = Automatic;
				DEVELOPMENT_TEAM = 4X276R3Z6N;
				INFOPLIST_FILE = GajumalTests/Info.plist;
				LD_RUNPATH_SEARCH_PATHS = "$(inherited) @executable_path/Frameworks @loader_path/Frameworks";
				PRODUCT_BUNDLE_IDENTIFIER = jp.myapp.GajumalTests;
				PRODUCT_NAME = "$(TARGET_NAME)";
				SWIFT_VERSION = 4.0;
				TARGETED_DEVICE_FAMILY = "1,2";
				TEST_HOST = "$(BUILT_PRODUCTS_DIR)/Gajumal.app/Gajumal";
			};
			name = Release;
		};
		1E40AB5220124ACF001CC2C5 /* Debug */ = {
			isa = XCBuildConfiguration;
			buildSettings = {
				ALWAYS_EMBED_SWIFT_STANDARD_LIBRARIES = YES;
				CODE_SIGN_STYLE = Automatic;
				DEVELOPMENT_TEAM = 4X276R3Z6N;
				INFOPLIST_FILE = GajumalUITests/Info.plist;
				LD_RUNPATH_SEARCH_PATHS = "$(inherited) @executable_path/Frameworks @loader_path/Frameworks";
				PRODUCT_BUNDLE_IDENTIFIER = jp.myapp.GajumalUITests;
				PRODUCT_NAME = "$(TARGET_NAME)";
				SWIFT_VERSION = 4.0;
				TARGETED_DEVICE_FAMILY = "1,2";
				TEST_TARGET_NAME = Gajumal;
			};
			name = Debug;
		};
		1E40AB5320124ACF001CC2C5 /* Release */ = {
			isa = XCBuildConfiguration;
			buildSettings = {
				ALWAYS_EMBED_SWIFT_STANDARD_LIBRARIES = YES;
				CODE_SIGN_STYLE = Automatic;
				DEVELOPMENT_TEAM = 4X276R3Z6N;
				INFOPLIST_FILE = GajumalUITests/Info.plist;
				LD_RUNPATH_SEARCH_PATHS = "$(inherited) @executable_path/Frameworks @loader_path/Frameworks";
				PRODUCT_BUNDLE_IDENTIFIER = jp.myapp.GajumalUITests;
				PRODUCT_NAME = "$(TARGET_NAME)";
				SWIFT_VERSION = 4.0;
				TARGETED_DEVICE_FAMILY = "1,2";
				TEST_TARGET_NAME = Gajumal;
			};
			name = Release;
		};
/* End XCBuildConfiguration section */

/* Begin XCConfigurationList section */
		1E40AB1E20124ACE001CC2C5 /* Build configuration list for PBXProject "Gajumal" */ = {
			isa = XCConfigurationList;
			buildConfigurations = (
				1E40AB4920124ACF001CC2C5 /* Debug */,
				1E40AB4A20124ACF001CC2C5 /* Release */,
			);
			defaultConfigurationIsVisible = 0;
			defaultConfigurationName = Release;
		};
		1E40AB4B20124ACF001CC2C5 /* Build configuration list for PBXNativeTarget "Gajumal" */ = {
			isa = XCConfigurationList;
			buildConfigurations = (
				1E40AB4C20124ACF001CC2C5 /* Debug */,
				1E40AB4D20124ACF001CC2C5 /* Release */,
			);
			defaultConfigurationIsVisible = 0;
			defaultConfigurationName = Release;
		};
		1E40AB4E20124ACF001CC2C5 /* Build configuration list for PBXNativeTarget "GajumalTests" */ = {
			isa = XCConfigurationList;
			buildConfigurations = (
				1E40AB4F20124ACF001CC2C5 /* Debug */,
				1E40AB5020124ACF001CC2C5 /* Release */,
			);
			defaultConfigurationIsVisible = 0;
			defaultConfigurationName = Release;
		};
		1E40AB5120124ACF001CC2C5 /* Build configuration list for PBXNativeTarget "GajumalUITests" */ = {
			isa = XCConfigurationList;
			buildConfigurations = (
				1E40AB5220124ACF001CC2C5 /* Debug */,
				1E40AB5320124ACF001CC2C5 /* Release */,
			);
			defaultConfigurationIsVisible = 0;
			defaultConfigurationName = Release;
		};
/* End XCConfigurationList section */
	};
	rootObject = 1E40AB1B20124ACE001CC2C5 /* Project object */;
}
