// !$*UTF8*$!
{
	archiveVersion = 1;
	classes = {
	};
	objectVersion = 48;
	objects = {

/* Begin PBXBuildFile section */
		1E290C85202B468300B6FCC4 /* DetailPhotosViewController.swift in Sources */ = {isa = PBXBuildFile; fileRef = 1E290C84202B468300B6FCC4 /* DetailPhotosViewController.swift */; };
		1E290C87202B51EF00B6FCC4 /* AnimatedImageView.swift in Sources */ = {isa = PBXBuildFile; fileRef = 1E290C86202B51EF00B6FCC4 /* AnimatedImageView.swift */; };
		1E290C89202B578400B6FCC4 /* AnimatedImage.swift in Sources */ = {isa = PBXBuildFile; fileRef = 1E290C88202B578400B6FCC4 /* AnimatedImage.swift */; };
		1E3E56DC2084E6B500BEBCF7 /* CustomHeader.swift in Sources */ = {isa = PBXBuildFile; fileRef = 1E3E56DB2084E6B500BEBCF7 /* CustomHeader.swift */; };
		1E3E56DE2084E6C700BEBCF7 /* CustomHeader.xib in Resources */ = {isa = PBXBuildFile; fileRef = 1E3E56DD2084E6C700BEBCF7 /* CustomHeader.xib */; };
		1E3E56E02084E89D00BEBCF7 /* OnClickDelegate.swift in Sources */ = {isa = PBXBuildFile; fileRef = 1E3E56DF2084E89D00BEBCF7 /* OnClickDelegate.swift */; };
		1E3E56E420862EAE00BEBCF7 /* BasicHeader.swift in Sources */ = {isa = PBXBuildFile; fileRef = 1E3E56E320862EAD00BEBCF7 /* BasicHeader.swift */; };
		1E3E56E620862EBB00BEBCF7 /* BasicHeader.xib in Resources */ = {isa = PBXBuildFile; fileRef = 1E3E56E520862EBB00BEBCF7 /* BasicHeader.xib */; };
		1E3E56EA2086442900BEBCF7 /* sbw_parts_tab_selected@3x.png in Resources */ = {isa = PBXBuildFile; fileRef = 1E3E56E72086442800BEBCF7 /* sbw_parts_tab_selected@3x.png */; };
		1E3E56EB2086442900BEBCF7 /* sbw_parts_tab_selected@2x.png in Resources */ = {isa = PBXBuildFile; fileRef = 1E3E56E82086442900BEBCF7 /* sbw_parts_tab_selected@2x.png */; };
		1E3E56EC2086442900BEBCF7 /* sbw_parts_tab_selected.png in Resources */ = {isa = PBXBuildFile; fileRef = 1E3E56E92086442900BEBCF7 /* sbw_parts_tab_selected.png */; };
		1E40AB2720124ACF001CC2C5 /* AppDelegate.swift in Sources */ = {isa = PBXBuildFile; fileRef = 1E40AB2620124ACF001CC2C5 /* AppDelegate.swift */; };
		1E40AB2E20124ACF001CC2C5 /* Assets.xcassets in Resources */ = {isa = PBXBuildFile; fileRef = 1E40AB2D20124ACF001CC2C5 /* Assets.xcassets */; };
		1E40AB3120124ACF001CC2C5 /* LaunchScreen.storyboard in Resources */ = {isa = PBXBuildFile; fileRef = 1E40AB2F20124ACF001CC2C5 /* LaunchScreen.storyboard */; };
		1E40AB3C20124ACF001CC2C5 /* GajumalTests.swift in Sources */ = {isa = PBXBuildFile; fileRef = 1E40AB3B20124ACF001CC2C5 /* GajumalTests.swift */; };
		1E40AB4720124ACF001CC2C5 /* GajumalUITests.swift in Sources */ = {isa = PBXBuildFile; fileRef = 1E40AB4620124ACF001CC2C5 /* GajumalUITests.swift */; };
		1E40AB5720124C1F001CC2C5 /* SplashViewContrlller.swift in Sources */ = {isa = PBXBuildFile; fileRef = 1E40AB5620124C1F001CC2C5 /* SplashViewContrlller.swift */; };
		1E40AB5920124C67001CC2C5 /* Splash.storyboard in Resources */ = {isa = PBXBuildFile; fileRef = 1E40AB5820124C67001CC2C5 /* Splash.storyboard */; };
		1E40AB5D20124EC9001CC2C5 /* AlbumHomeViewController.swift in Sources */ = {isa = PBXBuildFile; fileRef = 1E40AB5C20124EC9001CC2C5 /* AlbumHomeViewController.swift */; };
		1E40AB6C20138BD1001CC2C5 /* TakePhotosViewController.swift in Sources */ = {isa = PBXBuildFile; fileRef = 1E40AB6B20138BD1001CC2C5 /* TakePhotosViewController.swift */; };
		1E40AB6E20138BE2001CC2C5 /* TakePhotos.storyboard in Resources */ = {isa = PBXBuildFile; fileRef = 1E40AB6D20138BE2001CC2C5 /* TakePhotos.storyboard */; };
		1E40AB7020138BFB001CC2C5 /* AlbumDiaryViewController.swift in Sources */ = {isa = PBXBuildFile; fileRef = 1E40AB6F20138BFB001CC2C5 /* AlbumDiaryViewController.swift */; };
		1E40AB7220138C0C001CC2C5 /* AlbumDiary.storyboard in Resources */ = {isa = PBXBuildFile; fileRef = 1E40AB7120138C0C001CC2C5 /* AlbumDiary.storyboard */; };
		1E40AB762013A67D001CC2C5 /* AlbumTableViewCell.swift in Sources */ = {isa = PBXBuildFile; fileRef = 1E40AB742013A67D001CC2C5 /* AlbumTableViewCell.swift */; };
		1E40AB772013A67D001CC2C5 /* AlbumTableViewCell.xib in Resources */ = {isa = PBXBuildFile; fileRef = 1E40AB752013A67D001CC2C5 /* AlbumTableViewCell.xib */; };
		1E842B4B201D666C009E26DB /* ChoosePhotosViewController.swift in Sources */ = {isa = PBXBuildFile; fileRef = 1E842B4A201D666C009E26DB /* ChoosePhotosViewController.swift */; };
		1E842B4D201D668B009E26DB /* ChoosePhotos.storyboard in Resources */ = {isa = PBXBuildFile; fileRef = 1E842B4C201D668B009E26DB /* ChoosePhotos.storyboard */; };
		1E842B53201D67B9009E26DB /* logo (1).png in Resources */ = {isa = PBXBuildFile; fileRef = 1E842B50201D67B8009E26DB /* logo (1).png */; };
		1E842B54201D67B9009E26DB /* notice.png in Resources */ = {isa = PBXBuildFile; fileRef = 1E842B51201D67B8009E26DB /* notice.png */; };
		1E842B55201D67B9009E26DB /* logo (2).png in Resources */ = {isa = PBXBuildFile; fileRef = 1E842B52201D67B9009E26DB /* logo (2).png */; };
		1E842B58201D68BB009E26DB /* Malaysia_Skyscrapers_447585.jpg in Resources */ = {isa = PBXBuildFile; fileRef = 1E842B57201D68BB009E26DB /* Malaysia_Skyscrapers_447585.jpg */; };
		1EDA1C50201C548100739707 /* AlbumHome.storyboard in Resources */ = {isa = PBXBuildFile; fileRef = 1EDA1C4F201C548100739707 /* AlbumHome.storyboard */; };
		1EE657F92083731600D7ADD7 /* PhotoViewCell.xib in Resources */ = {isa = PBXBuildFile; fileRef = 1EE657F72083731600D7ADD7 /* PhotoViewCell.xib */; };
		1EE657FB2083779500D7ADD7 /* check.png in Resources */ = {isa = PBXBuildFile; fileRef = 1EE657FA2083779400D7ADD7 /* check.png */; };
		1EE657FD2083791500D7ADD7 /* PhotoViewCell.swift in Sources */ = {isa = PBXBuildFile; fileRef = 1EE657FC2083791500D7ADD7 /* PhotoViewCell.swift */; };
		1EE657FF20838AD600D7ADD7 /* delete.png in Resources */ = {isa = PBXBuildFile; fileRef = 1EE657FE20838AD600D7ADD7 /* delete.png */; };
		1EE6580320838D5B00D7ADD7 /* sbw_parts_down_arrow@3x.png in Resources */ = {isa = PBXBuildFile; fileRef = 1EE6580020838D5A00D7ADD7 /* sbw_parts_down_arrow@3x.png */; };
		1EE6580420838D5B00D7ADD7 /* sbw_parts_down_arrow.png in Resources */ = {isa = PBXBuildFile; fileRef = 1EE6580120838D5B00D7ADD7 /* sbw_parts_down_arrow.png */; };
		1EE6580520838D5B00D7ADD7 /* sbw_parts_down_arrow@2x.png in Resources */ = {isa = PBXBuildFile; fileRef = 1EE6580220838D5B00D7ADD7 /* sbw_parts_down_arrow@2x.png */; };
		1EE6580820838EDB00D7ADD7 /* GlobalMenuViewController.swift in Sources */ = {isa = PBXBuildFile; fileRef = 1EE6580720838EDB00D7ADD7 /* GlobalMenuViewController.swift */; };
		1EE6580A20838F3B00D7ADD7 /* GlobalMenu.storyboard in Resources */ = {isa = PBXBuildFile; fileRef = 1EE6580920838F3B00D7ADD7 /* GlobalMenu.storyboard */; };
		1EE6580C2083924400D7ADD7 /* Common.swift in Sources */ = {isa = PBXBuildFile; fileRef = 1EE6580B2083924400D7ADD7 /* Common.swift */; };
		6B0535582087B9F9006964D3 /* SocialLoginViewController.swift in Sources */ = {isa = PBXBuildFile; fileRef = 6B0535572087B9F9006964D3 /* SocialLoginViewController.swift */; };
		6B05355A2087BA6D006964D3 /* SocialLogin.storyboard in Resources */ = {isa = PBXBuildFile; fileRef = 6B0535592087BA6D006964D3 /* SocialLogin.storyboard */; };
		6B05355F2087BCE1006964D3 /* GoogleService-Info.plist in Resources */ = {isa = PBXBuildFile; fileRef = 6B05355E2087BCE1006964D3 /* GoogleService-Info.plist */; };
		6B0535612087BFE1006964D3 /* LoginedViewController.swift in Sources */ = {isa = PBXBuildFile; fileRef = 6B0535602087BFE1006964D3 /* LoginedViewController.swift */; };
		799DF4C88A0E11A2B9EA2B13 /* Pods_GajumalTests.framework in Frameworks */ = {isa = PBXBuildFile; fileRef = 5CE50DEED1F88E5D89F90914 /* Pods_GajumalTests.framework */; };
		CCCD6FB8DCEDAD47F7BBC721 /* Pods_Gajumal.framework in Frameworks */ = {isa = PBXBuildFile; fileRef = 33491B031C081D8A98A36070 /* Pods_Gajumal.framework */; };
		E872977E4137167DDEA7A44D /* Pods_GajumalUITests.framework in Frameworks */ = {isa = PBXBuildFile; fileRef = A9ED6255D196ADB56E50DFFB /* Pods_GajumalUITests.framework */; };
/* End PBXBuildFile section */

/* Begin PBXContainerItemProxy section */
		1E40AB3820124ACF001CC2C5 /* PBXContainerItemProxy */ = {
			isa = PBXContainerItemProxy;
			containerPortal = 1E40AB1B20124ACE001CC2C5 /* Project object */;
			proxyType = 1;
			remoteGlobalIDString = 1E40AB2220124ACE001CC2C5;
			remoteInfo = Gajumal;
		};
		1E40AB4320124ACF001CC2C5 /* PBXContainerItemProxy */ = {
			isa = PBXContainerItemProxy;
			containerPortal = 1E40AB1B20124ACE001CC2C5 /* Project object */;
			proxyType = 1;
			remoteGlobalIDString = 1E40AB2220124ACE001CC2C5;
			remoteInfo = Gajumal;
		};
/* End PBXContainerItemProxy section */

/* Begin PBXFileReference section */
		1E290C84202B468300B6FCC4 /* DetailPhotosViewController.swift */ = {isa = PBXFileReference; lastKnownFileType = sourcecode.swift; path = DetailPhotosViewController.swift; sourceTree = "<group>"; };
		1E290C86202B51EF00B6FCC4 /* AnimatedImageView.swift */ = {isa = PBXFileReference; lastKnownFileType = sourcecode.swift; path = AnimatedImageView.swift; sourceTree = "<group>"; };
		1E290C88202B578400B6FCC4 /* AnimatedImage.swift */ = {isa = PBXFileReference; lastKnownFileType = sourcecode.swift; path = AnimatedImage.swift; sourceTree = "<group>"; };
		1E3E56DB2084E6B500BEBCF7 /* CustomHeader.swift */ = {isa = PBXFileReference; lastKnownFileType = sourcecode.swift; path = CustomHeader.swift; sourceTree = "<group>"; };
		1E3E56DD2084E6C700BEBCF7 /* CustomHeader.xib */ = {isa = PBXFileReference; lastKnownFileType = file.xib; path = CustomHeader.xib; sourceTree = "<group>"; };
		1E3E56DF2084E89D00BEBCF7 /* OnClickDelegate.swift */ = {isa = PBXFileReference; lastKnownFileType = sourcecode.swift; path = OnClickDelegate.swift; sourceTree = "<group>"; };
		1E3E56E320862EAD00BEBCF7 /* BasicHeader.swift */ = {isa = PBXFileReference; lastKnownFileType = sourcecode.swift; path = BasicHeader.swift; sourceTree = "<group>"; };
		1E3E56E520862EBB00BEBCF7 /* BasicHeader.xib */ = {isa = PBXFileReference; lastKnownFileType = file.xib; path = BasicHeader.xib; sourceTree = "<group>"; };
		1E3E56E72086442800BEBCF7 /* sbw_parts_tab_selected@3x.png */ = {isa = PBXFileReference; lastKnownFileType = image.png; path = "sbw_parts_tab_selected@3x.png"; sourceTree = "<group>"; };
		1E3E56E82086442900BEBCF7 /* sbw_parts_tab_selected@2x.png */ = {isa = PBXFileReference; lastKnownFileType = image.png; path = "sbw_parts_tab_selected@2x.png"; sourceTree = "<group>"; };
		1E3E56E92086442900BEBCF7 /* sbw_parts_tab_selected.png */ = {isa = PBXFileReference; lastKnownFileType = image.png; path = sbw_parts_tab_selected.png; sourceTree = "<group>"; };
		1E40AB2320124ACE001CC2C5 /* Gajumal.app */ = {isa = PBXFileReference; explicitFileType = wrapper.application; includeInIndex = 0; path = Gajumal.app; sourceTree = BUILT_PRODUCTS_DIR; };
		1E40AB2620124ACF001CC2C5 /* AppDelegate.swift */ = {isa = PBXFileReference; lastKnownFileType = sourcecode.swift; path = AppDelegate.swift; sourceTree = "<group>"; };
		1E40AB2D20124ACF001CC2C5 /* Assets.xcassets */ = {isa = PBXFileReference; lastKnownFileType = folder.assetcatalog; path = Assets.xcassets; sourceTree = "<group>"; };
		1E40AB3020124ACF001CC2C5 /* Base */ = {isa = PBXFileReference; lastKnownFileType = file.storyboard; name = Base; path = Base.lproj/LaunchScreen.storyboard; sourceTree = "<group>"; };
		1E40AB3220124ACF001CC2C5 /* Info.plist */ = {isa = PBXFileReference; lastKnownFileType = text.plist.xml; path = Info.plist; sourceTree = "<group>"; };
		1E40AB3720124ACF001CC2C5 /* GajumalTests.xctest */ = {isa = PBXFileReference; explicitFileType = wrapper.cfbundle; includeInIndex = 0; path = GajumalTests.xctest; sourceTree = BUILT_PRODUCTS_DIR; };
		1E40AB3B20124ACF001CC2C5 /* GajumalTests.swift */ = {isa = PBXFileReference; lastKnownFileType = sourcecode.swift; path = GajumalTests.swift; sourceTree = "<group>"; };
		1E40AB3D20124ACF001CC2C5 /* Info.plist */ = {isa = PBXFileReference; lastKnownFileType = text.plist.xml; path = Info.plist; sourceTree = "<group>"; };
		1E40AB4220124ACF001CC2C5 /* GajumalUITests.xctest */ = {isa = PBXFileReference; explicitFileType = wrapper.cfbundle; includeInIndex = 0; path = GajumalUITests.xctest; sourceTree = BUILT_PRODUCTS_DIR; };
		1E40AB4620124ACF001CC2C5 /* GajumalUITests.swift */ = {isa = PBXFileReference; lastKnownFileType = sourcecode.swift; path = GajumalUITests.swift; sourceTree = "<group>"; };
		1E40AB4820124ACF001CC2C5 /* Info.plist */ = {isa = PBXFileReference; lastKnownFileType = text.plist.xml; path = Info.plist; sourceTree = "<group>"; };
		1E40AB5620124C1F001CC2C5 /* SplashViewContrlller.swift */ = {isa = PBXFileReference; lastKnownFileType = sourcecode.swift; path = SplashViewContrlller.swift; sourceTree = "<group>"; };
		1E40AB5820124C67001CC2C5 /* Splash.storyboard */ = {isa = PBXFileReference; lastKnownFileType = file.storyboard; path = Splash.storyboard; sourceTree = "<group>"; };
		1E40AB5C20124EC9001CC2C5 /* AlbumHomeViewController.swift */ = {isa = PBXFileReference; lastKnownFileType = sourcecode.swift; path = AlbumHomeViewController.swift; sourceTree = "<group>"; };
		1E40AB6B20138BD1001CC2C5 /* TakePhotosViewController.swift */ = {isa = PBXFileReference; lastKnownFileType = sourcecode.swift; path = TakePhotosViewController.swift; sourceTree = "<group>"; };
		1E40AB6D20138BE2001CC2C5 /* TakePhotos.storyboard */ = {isa = PBXFileReference; lastKnownFileType = file.storyboard; path = TakePhotos.storyboard; sourceTree = "<group>"; };
		1E40AB6F20138BFB001CC2C5 /* AlbumDiaryViewController.swift */ = {isa = PBXFileReference; lastKnownFileType = sourcecode.swift; path = AlbumDiaryViewController.swift; sourceTree = "<group>"; };
		1E40AB7120138C0C001CC2C5 /* AlbumDiary.storyboard */ = {isa = PBXFileReference; lastKnownFileType = file.storyboard; path = AlbumDiary.storyboard; sourceTree = "<group>"; };
		1E40AB742013A67D001CC2C5 /* AlbumTableViewCell.swift */ = {isa = PBXFileReference; lastKnownFileType = sourcecode.swift; path = AlbumTableViewCell.swift; sourceTree = "<group>"; };
		1E40AB752013A67D001CC2C5 /* AlbumTableViewCell.xib */ = {isa = PBXFileReference; lastKnownFileType = file.xib; path = AlbumTableViewCell.xib; sourceTree = "<group>"; };
		1E842B4A201D666C009E26DB /* ChoosePhotosViewController.swift */ = {isa = PBXFileReference; lastKnownFileType = sourcecode.swift; path = ChoosePhotosViewController.swift; sourceTree = "<group>"; };
		1E842B4C201D668B009E26DB /* ChoosePhotos.storyboard */ = {isa = PBXFileReference; lastKnownFileType = file.storyboard; path = ChoosePhotos.storyboard; sourceTree = "<group>"; };
		1E842B50201D67B8009E26DB /* logo (1).png */ = {isa = PBXFileReference; lastKnownFileType = image.png; path = "logo (1).png"; sourceTree = "<group>"; };
		1E842B51201D67B8009E26DB /* notice.png */ = {isa = PBXFileReference; lastKnownFileType = image.png; path = notice.png; sourceTree = "<group>"; };
		1E842B52201D67B9009E26DB /* logo (2).png */ = {isa = PBXFileReference; lastKnownFileType = image.png; path = "logo (2).png"; sourceTree = "<group>"; };
		1E842B57201D68BB009E26DB /* Malaysia_Skyscrapers_447585.jpg */ = {isa = PBXFileReference; lastKnownFileType = image.jpeg; path = Malaysia_Skyscrapers_447585.jpg; sourceTree = "<group>"; };
		1EDA1C4F201C548100739707 /* AlbumHome.storyboard */ = {isa = PBXFileReference; lastKnownFileType = file.storyboard; path = AlbumHome.storyboard; sourceTree = "<group>"; };
		1EE657F72083731600D7ADD7 /* PhotoViewCell.xib */ = {isa = PBXFileReference; lastKnownFileType = file.xib; path = PhotoViewCell.xib; sourceTree = "<group>"; };
		1EE657FA2083779400D7ADD7 /* check.png */ = {isa = PBXFileReference; lastKnownFileType = image.png; path = check.png; sourceTree = "<group>"; };
		1EE657FC2083791500D7ADD7 /* PhotoViewCell.swift */ = {isa = PBXFileReference; lastKnownFileType = sourcecode.swift; path = PhotoViewCell.swift; sourceTree = "<group>"; };
		1EE657FE20838AD600D7ADD7 /* delete.png */ = {isa = PBXFileReference; lastKnownFileType = image.png; path = delete.png; sourceTree = "<group>"; };
		1EE6580020838D5A00D7ADD7 /* sbw_parts_down_arrow@3x.png */ = {isa = PBXFileReference; lastKnownFileType = image.png; path = "sbw_parts_down_arrow@3x.png"; sourceTree = "<group>"; };
		1EE6580120838D5B00D7ADD7 /* sbw_parts_down_arrow.png */ = {isa = PBXFileReference; lastKnownFileType = image.png; path = sbw_parts_down_arrow.png; sourceTree = "<group>"; };
		1EE6580220838D5B00D7ADD7 /* sbw_parts_down_arrow@2x.png */ = {isa = PBXFileReference; lastKnownFileType = image.png; path = "sbw_parts_down_arrow@2x.png"; sourceTree = "<group>"; };
		1EE6580720838EDB00D7ADD7 /* GlobalMenuViewController.swift */ = {isa = PBXFileReference; lastKnownFileType = sourcecode.swift; path = GlobalMenuViewController.swift; sourceTree = "<group>"; };
		1EE6580920838F3B00D7ADD7 /* GlobalMenu.storyboard */ = {isa = PBXFileReference; lastKnownFileType = file.storyboard; path = GlobalMenu.storyboard; sourceTree = "<group>"; };
		1EE6580B2083924400D7ADD7 /* Common.swift */ = {isa = PBXFileReference; lastKnownFileType = sourcecode.swift; path = Common.swift; sourceTree = "<group>"; };
		33491B031C081D8A98A36070 /* Pods_Gajumal.framework */ = {isa = PBXFileReference; explicitFileType = wrapper.framework; includeInIndex = 0; path = Pods_Gajumal.framework; sourceTree = BUILT_PRODUCTS_DIR; };
		364366B0DD8C64C463D53876 /* Pods-GajumalUITests.release.xcconfig */ = {isa = PBXFileReference; includeInIndex = 1; lastKnownFileType = text.xcconfig; name = "Pods-GajumalUITests.release.xcconfig"; path = "Pods/Target Support Files/Pods-GajumalUITests/Pods-GajumalUITests.release.xcconfig"; sourceTree = "<group>"; };
		5CE50DEED1F88E5D89F90914 /* Pods_GajumalTests.framework */ = {isa = PBXFileReference; explicitFileType = wrapper.framework; includeInIndex = 0; path = Pods_GajumalTests.framework; sourceTree = BUILT_PRODUCTS_DIR; };
		616C13C679E04FBEB6E4FFF4 /* Pods-GajumalTests.debug.xcconfig */ = {isa = PBXFileReference; includeInIndex = 1; lastKnownFileType = text.xcconfig; name = "Pods-GajumalTests.debug.xcconfig"; path = "Pods/Target Support Files/Pods-GajumalTests/Pods-GajumalTests.debug.xcconfig"; sourceTree = "<group>"; };
		6B0535572087B9F9006964D3 /* SocialLoginViewController.swift */ = {isa = PBXFileReference; lastKnownFileType = sourcecode.swift; path = SocialLoginViewController.swift; sourceTree = "<group>"; };
		6B0535592087BA6D006964D3 /* SocialLogin.storyboard */ = {isa = PBXFileReference; lastKnownFileType = file.storyboard; path = SocialLogin.storyboard; sourceTree = "<group>"; };
		6B05355B2087BB89006964D3 /* Gajumal-Bridging-Header.h */ = {isa = PBXFileReference; lastKnownFileType = sourcecode.c.h; path = "Gajumal-Bridging-Header.h"; sourceTree = "<group>"; };
		6B05355E2087BCE1006964D3 /* GoogleService-Info.plist */ = {isa = PBXFileReference; fileEncoding = 4; lastKnownFileType = text.plist.xml; path = "GoogleService-Info.plist"; sourceTree = "<group>"; };
		6B0535602087BFE1006964D3 /* LoginedViewController.swift */ = {isa = PBXFileReference; lastKnownFileType = sourcecode.swift; path = LoginedViewController.swift; sourceTree = "<group>"; };
		8C90154DC1511A22F08F5557 /* Pods-GajumalUITests.debug.xcconfig */ = {isa = PBXFileReference; includeInIndex = 1; lastKnownFileType = text.xcconfig; name = "Pods-GajumalUITests.debug.xcconfig"; path = "Pods/Target Support Files/Pods-GajumalUITests/Pods-GajumalUITests.debug.xcconfig"; sourceTree = "<group>"; };
		A8B147F52752AB88F7FEF75A /* Pods-GajumalTests.release.xcconfig */ = {isa = PBXFileReference; includeInIndex = 1; lastKnownFileType = text.xcconfig; name = "Pods-GajumalTests.release.xcconfig"; path = "Pods/Target Support Files/Pods-GajumalTests/Pods-GajumalTests.release.xcconfig"; sourceTree = "<group>"; };
		A9ED6255D196ADB56E50DFFB /* Pods_GajumalUITests.framework */ = {isa = PBXFileReference; explicitFileType = wrapper.framework; includeInIndex = 0; path = Pods_GajumalUITests.framework; sourceTree = BUILT_PRODUCTS_DIR; };
		AA69BCBEF35585341B64C5E9 /* Pods-Gajumal.debug.xcconfig */ = {isa = PBXFileReference; includeInIndex = 1; lastKnownFileType = text.xcconfig; name = "Pods-Gajumal.debug.xcconfig"; path = "Pods/Target Support Files/Pods-Gajumal/Pods-Gajumal.debug.xcconfig"; sourceTree = "<group>"; };
		E6C70EF75F2EF143F010F433 /* Pods-Gajumal.release.xcconfig */ = {isa = PBXFileReference; includeInIndex = 1; lastKnownFileType = text.xcconfig; name = "Pods-Gajumal.release.xcconfig"; path = "Pods/Target Support Files/Pods-Gajumal/Pods-Gajumal.release.xcconfig"; sourceTree = "<group>"; };
/* End PBXFileReference section */

/* Begin PBXFrameworksBuildPhase section */
		1E40AB2020124ACE001CC2C5 /* Frameworks */ = {
			isa = PBXFrameworksBuildPhase;
			buildActionMask = 2147483647;
			files = (
				CCCD6FB8DCEDAD47F7BBC721 /* Pods_Gajumal.framework in Frameworks */,
			);
			runOnlyForDeploymentPostprocessing = 0;
		};
		1E40AB3420124ACF001CC2C5 /* Frameworks */ = {
			isa = PBXFrameworksBuildPhase;
			buildActionMask = 2147483647;
			files = (
				799DF4C88A0E11A2B9EA2B13 /* Pods_GajumalTests.framework in Frameworks */,
			);
			runOnlyForDeploymentPostprocessing = 0;
		};
		1E40AB3F20124ACF001CC2C5 /* Frameworks */ = {
			isa = PBXFrameworksBuildPhase;
			buildActionMask = 2147483647;
			files = (
				E872977E4137167DDEA7A44D /* Pods_GajumalUITests.framework in Frameworks */,
			);
			runOnlyForDeploymentPostprocessing = 0;
		};
/* End PBXFrameworksBuildPhase section */

/* Begin PBXGroup section */
		1E40AB1A20124ACE001CC2C5 = {
			isa = PBXGroup;
			children = (
				1EE658112083AF7600D7ADD7 /* Gajumal */,
				1EE6580620838E9300D7ADD7 /* global_menu */,
				1EE657F5208372DB00D7ADD7 /* widget */,
				1E842B56201D67C6009E26DB /* resources */,
				1E40AB5520124BE3001CC2C5 /* common */,
				6B0535562087B8A0006964D3 /* social_login */,
				1E40AB5420124AEC001CC2C5 /* splash */,
				1E40AB5B20124E87001CC2C5 /* album_home */,
				1E842B49201D663E009E26DB /* choose_photos */,
				1E40AB6420138A6E001CC2C5 /* take_photos */,
				1E40AB6620138B08001CC2C5 /* user_account */,
				1E40AB3A20124ACF001CC2C5 /* GajumalTests */,
				1E40AB4520124ACF001CC2C5 /* GajumalUITests */,
				1E40AB2420124ACE001CC2C5 /* Products */,
				321002CCCFD1A1F5BBBD58B5 /* Pods */,
				A570D52CE034DF78DF4AF1BB /* Frameworks */,
			);
			sourceTree = "<group>";
		};
		1E40AB2420124ACE001CC2C5 /* Products */ = {
			isa = PBXGroup;
			children = (
				1E40AB2320124ACE001CC2C5 /* Gajumal.app */,
				1E40AB3720124ACF001CC2C5 /* GajumalTests.xctest */,
				1E40AB4220124ACF001CC2C5 /* GajumalUITests.xctest */,
			);
			name = Products;
			sourceTree = "<group>";
		};
		1E40AB3A20124ACF001CC2C5 /* GajumalTests */ = {
			isa = PBXGroup;
			children = (
				1E40AB3B20124ACF001CC2C5 /* GajumalTests.swift */,
				1E40AB3D20124ACF001CC2C5 /* Info.plist */,
			);
			path = GajumalTests;
			sourceTree = "<group>";
		};
		1E40AB4520124ACF001CC2C5 /* GajumalUITests */ = {
			isa = PBXGroup;
			children = (
				1E40AB4620124ACF001CC2C5 /* GajumalUITests.swift */,
				1E40AB4820124ACF001CC2C5 /* Info.plist */,
			);
			path = GajumalUITests;
			sourceTree = "<group>";
		};
		1E40AB5420124AEC001CC2C5 /* splash */ = {
			isa = PBXGroup;
			children = (
				1E40AB5620124C1F001CC2C5 /* SplashViewContrlller.swift */,
				1E40AB5820124C67001CC2C5 /* Splash.storyboard */,
			);
			path = splash;
			sourceTree = "<group>";
		};
		1E40AB5520124BE3001CC2C5 /* common */ = {
			isa = PBXGroup;
			children = (
				1EE6580B2083924400D7ADD7 /* Common.swift */,
			);
			path = common;
			sourceTree = "<group>";
		};
		1E40AB5B20124E87001CC2C5 /* album_home */ = {
			isa = PBXGroup;
			children = (
				1E40AB5C20124EC9001CC2C5 /* AlbumHomeViewController.swift */,
				1EDA1C4F201C548100739707 /* AlbumHome.storyboard */,
				1E40AB742013A67D001CC2C5 /* AlbumTableViewCell.swift */,
				1E40AB752013A67D001CC2C5 /* AlbumTableViewCell.xib */,
			);
			path = album_home;
			sourceTree = "<group>";
		};
		1E40AB6420138A6E001CC2C5 /* take_photos */ = {
			isa = PBXGroup;
			children = (
				1E40AB6B20138BD1001CC2C5 /* TakePhotosViewController.swift */,
				1E40AB6D20138BE2001CC2C5 /* TakePhotos.storyboard */,
			);
			path = take_photos;
			sourceTree = "<group>";
		};
		1E40AB6620138B08001CC2C5 /* user_account */ = {
			isa = PBXGroup;
			children = (
				1E40AB6F20138BFB001CC2C5 /* AlbumDiaryViewController.swift */,
				1E40AB7120138C0C001CC2C5 /* AlbumDiary.storyboard */,
			);
			path = user_account;
			sourceTree = "<group>";
		};
		1E842B49201D663E009E26DB /* choose_photos */ = {
			isa = PBXGroup;
			children = (
				1E842B4A201D666C009E26DB /* ChoosePhotosViewController.swift */,
				1E842B4C201D668B009E26DB /* ChoosePhotos.storyboard */,
				1E290C84202B468300B6FCC4 /* DetailPhotosViewController.swift */,
				1E290C86202B51EF00B6FCC4 /* AnimatedImageView.swift */,
				1E290C88202B578400B6FCC4 /* AnimatedImage.swift */,
			);
			path = choose_photos;
			sourceTree = "<group>";
		};
		1E842B56201D67C6009E26DB /* resources */ = {
			isa = PBXGroup;
			children = (
				1E3E56E92086442900BEBCF7 /* sbw_parts_tab_selected.png */,
				1E3E56E82086442900BEBCF7 /* sbw_parts_tab_selected@2x.png */,
				1E3E56E72086442800BEBCF7 /* sbw_parts_tab_selected@3x.png */,
				1EE6580120838D5B00D7ADD7 /* sbw_parts_down_arrow.png */,
				1EE6580220838D5B00D7ADD7 /* sbw_parts_down_arrow@2x.png */,
				1EE6580020838D5A00D7ADD7 /* sbw_parts_down_arrow@3x.png */,
				1EE657FE20838AD600D7ADD7 /* delete.png */,
				1EE657FA2083779400D7ADD7 /* check.png */,
				1E842B57201D68BB009E26DB /* Malaysia_Skyscrapers_447585.jpg */,
				1E842B51201D67B8009E26DB /* notice.png */,
				1E842B50201D67B8009E26DB /* logo (1).png */,
				1E842B52201D67B9009E26DB /* logo (2).png */,
			);
			path = resources;
			sourceTree = "<group>";
		};
		1EE657F5208372DB00D7ADD7 /* widget */ = {
			isa = PBXGroup;
			children = (
				1EE657F72083731600D7ADD7 /* PhotoViewCell.xib */,
				1EE657FC2083791500D7ADD7 /* PhotoViewCell.swift */,
				1E3E56DB2084E6B500BEBCF7 /* CustomHeader.swift */,
				1E3E56DD2084E6C700BEBCF7 /* CustomHeader.xib */,
				1E3E56DF2084E89D00BEBCF7 /* OnClickDelegate.swift */,
				1E3E56E320862EAD00BEBCF7 /* BasicHeader.swift */,
				1E3E56E520862EBB00BEBCF7 /* BasicHeader.xib */,
			);
			path = widget;
			sourceTree = "<group>";
		};
		1EE6580620838E9300D7ADD7 /* global_menu */ = {
			isa = PBXGroup;
			children = (
				1EE6580720838EDB00D7ADD7 /* GlobalMenuViewController.swift */,
				1EE6580920838F3B00D7ADD7 /* GlobalMenu.storyboard */,
			);
			name = global_menu;
			path = "New Group";
			sourceTree = "<group>";
		};
		1EE658112083AF7600D7ADD7 /* Gajumal */ = {
			isa = PBXGroup;
			children = (
				6B05355E2087BCE1006964D3 /* GoogleService-Info.plist */,
				1E40AB2620124ACF001CC2C5 /* AppDelegate.swift */,
				1E40AB2D20124ACF001CC2C5 /* Assets.xcassets */,
				1E40AB2F20124ACF001CC2C5 /* LaunchScreen.storyboard */,
				1E40AB3220124ACF001CC2C5 /* Info.plist */,
				6B05355B2087BB89006964D3 /* Gajumal-Bridging-Header.h */,
			);
			path = Gajumal;
			sourceTree = "<group>";
		};
		321002CCCFD1A1F5BBBD58B5 /* Pods */ = {
			isa = PBXGroup;
			children = (
				AA69BCBEF35585341B64C5E9 /* Pods-Gajumal.debug.xcconfig */,
				E6C70EF75F2EF143F010F433 /* Pods-Gajumal.release.xcconfig */,
				616C13C679E04FBEB6E4FFF4 /* Pods-GajumalTests.debug.xcconfig */,
				A8B147F52752AB88F7FEF75A /* Pods-GajumalTests.release.xcconfig */,
				8C90154DC1511A22F08F5557 /* Pods-GajumalUITests.debug.xcconfig */,
				364366B0DD8C64C463D53876 /* Pods-GajumalUITests.release.xcconfig */,
			);
			name = Pods;
			sourceTree = "<group>";
		};
		6B0535562087B8A0006964D3 /* social_login */ = {
			isa = PBXGroup;
			children = (
				6B0535572087B9F9006964D3 /* SocialLoginViewController.swift */,
				6B0535592087BA6D006964D3 /* SocialLogin.storyboard */,
				6B0535602087BFE1006964D3 /* LoginedViewController.swift */,
			);
			path = social_login;
			sourceTree = "<group>";
		};
		A570D52CE034DF78DF4AF1BB /* Frameworks */ = {
			isa = PBXGroup;
			children = (
				33491B031C081D8A98A36070 /* Pods_Gajumal.framework */,
				5CE50DEED1F88E5D89F90914 /* Pods_GajumalTests.framework */,
				A9ED6255D196ADB56E50DFFB /* Pods_GajumalUITests.framework */,
			);
			name = Frameworks;
			sourceTree = "<group>";
		};
/* End PBXGroup section */

/* Begin PBXNativeTarget section */
		1E40AB2220124ACE001CC2C5 /* Gajumal */ = {
			isa = PBXNativeTarget;
			buildConfigurationList = 1E40AB4B20124ACF001CC2C5 /* Build configuration list for PBXNativeTarget "Gajumal" */;
			buildPhases = (
				E2F6550A1C3D4FA8BABC91EA /* [CP] Check Pods Manifest.lock */,
				1E40AB1F20124ACE001CC2C5 /* Sources */,
				1E40AB2020124ACE001CC2C5 /* Frameworks */,
				1E40AB2120124ACE001CC2C5 /* Resources */,
				8B894556775378AA2D0152A1 /* [CP] Embed Pods Frameworks */,
				D43375D09070FE34B349B356 /* [CP] Copy Pods Resources */,
			);
			buildRules = (
			);
			dependencies = (
			);
			name = Gajumal;
			productName = Gajumal;
			productReference = 1E40AB2320124ACE001CC2C5 /* Gajumal.app */;
			productType = "com.apple.product-type.application";
		};
		1E40AB3620124ACF001CC2C5 /* GajumalTests */ = {
			isa = PBXNativeTarget;
			buildConfigurationList = 1E40AB4E20124ACF001CC2C5 /* Build configuration list for PBXNativeTarget "GajumalTests" */;
			buildPhases = (
				CC62E8129CE38F1B7AAE20CF /* [CP] Check Pods Manifest.lock */,
				1E40AB3320124ACF001CC2C5 /* Sources */,
				1E40AB3420124ACF001CC2C5 /* Frameworks */,
				1E40AB3520124ACF001CC2C5 /* Resources */,
				3459DE071FD85BAFADA8378A /* [CP] Embed Pods Frameworks */,
				F15D1CA127F54C58765B9B5D /* [CP] Copy Pods Resources */,
			);
			buildRules = (
			);
			dependencies = (
				1E40AB3920124ACF001CC2C5 /* PBXTargetDependency */,
			);
			name = GajumalTests;
			productName = GajumalTests;
			productReference = 1E40AB3720124ACF001CC2C5 /* GajumalTests.xctest */;
			productType = "com.apple.product-type.bundle.unit-test";
		};
		1E40AB4120124ACF001CC2C5 /* GajumalUITests */ = {
			isa = PBXNativeTarget;
			buildConfigurationList = 1E40AB5120124ACF001CC2C5 /* Build configuration list for PBXNativeTarget "GajumalUITests" */;
			buildPhases = (
				128EDC9A6C2C82AD358C3FAC /* [CP] Check Pods Manifest.lock */,
				1E40AB3E20124ACF001CC2C5 /* Sources */,
				1E40AB3F20124ACF001CC2C5 /* Frameworks */,
				1E40AB4020124ACF001CC2C5 /* Resources */,
				3E171892177B76DBC5C6C0C6 /* [CP] Embed Pods Frameworks */,
				CA9FB0EA463DF414A30A407A /* [CP] Copy Pods Resources */,
			);
			buildRules = (
			);
			dependencies = (
				1E40AB4420124ACF001CC2C5 /* PBXTargetDependency */,
			);
			name = GajumalUITests;
			productName = GajumalUITests;
			productReference = 1E40AB4220124ACF001CC2C5 /* GajumalUITests.xctest */;
			productType = "com.apple.product-type.bundle.ui-testing";
		};
/* End PBXNativeTarget section */

/* Begin PBXProject section */
		1E40AB1B20124ACE001CC2C5 /* Project object */ = {
			isa = PBXProject;
			attributes = {
				LastSwiftUpdateCheck = 0920;
				LastUpgradeCheck = 0920;
				ORGANIZATIONNAME = "井草俊輔";
				TargetAttributes = {
					1E40AB2220124ACE001CC2C5 = {
						CreatedOnToolsVersion = 9.2;
						ProvisioningStyle = Automatic;
					};
					1E40AB3620124ACF001CC2C5 = {
						CreatedOnToolsVersion = 9.2;
						ProvisioningStyle = Automatic;
						TestTargetID = 1E40AB2220124ACE001CC2C5;
					};
					1E40AB4120124ACF001CC2C5 = {
						CreatedOnToolsVersion = 9.2;
						ProvisioningStyle = Automatic;
						TestTargetID = 1E40AB2220124ACE001CC2C5;
					};
				};
			};
			buildConfigurationList = 1E40AB1E20124ACE001CC2C5 /* Build configuration list for PBXProject "Gajumal" */;
			compatibilityVersion = "Xcode 8.0";
			developmentRegion = en;
			hasScannedForEncodings = 0;
			knownRegions = (
				en,
				Base,
			);
			mainGroup = 1E40AB1A20124ACE001CC2C5;
			productRefGroup = 1E40AB2420124ACE001CC2C5 /* Products */;
			projectDirPath = "";
			projectRoot = "";
			targets = (
				1E40AB2220124ACE001CC2C5 /* Gajumal */,
				1E40AB3620124ACF001CC2C5 /* GajumalTests */,
				1E40AB4120124ACF001CC2C5 /* GajumalUITests */,
			);
		};
/* End PBXProject section */

/* Begin PBXResourcesBuildPhase section */
		1E40AB2120124ACE001CC2C5 /* Resources */ = {
			isa = PBXResourcesBuildPhase;
			buildActionMask = 2147483647;
			files = (
				1E40AB3120124ACF001CC2C5 /* LaunchScreen.storyboard in Resources */,
				1EE6580A20838F3B00D7ADD7 /* GlobalMenu.storyboard in Resources */,
				1E842B54201D67B9009E26DB /* notice.png in Resources */,
				6B05355A2087BA6D006964D3 /* SocialLogin.storyboard in Resources */,
				1E842B53201D67B9009E26DB /* logo (1).png in Resources */,
				1E40AB7220138C0C001CC2C5 /* AlbumDiary.storyboard in Resources */,
				1EE6580520838D5B00D7ADD7 /* sbw_parts_down_arrow@2x.png in Resources */,
				1E842B58201D68BB009E26DB /* Malaysia_Skyscrapers_447585.jpg in Resources */,
				1E40AB772013A67D001CC2C5 /* AlbumTableViewCell.xib in Resources */,
				1E40AB6E20138BE2001CC2C5 /* TakePhotos.storyboard in Resources */,
				1E3E56DE2084E6C700BEBCF7 /* CustomHeader.xib in Resources */,
				1EDA1C50201C548100739707 /* AlbumHome.storyboard in Resources */,
				1EE6580420838D5B00D7ADD7 /* sbw_parts_down_arrow.png in Resources */,
				6B05355F2087BCE1006964D3 /* GoogleService-Info.plist in Resources */,
				1E40AB2E20124ACF001CC2C5 /* Assets.xcassets in Resources */,
				1EE6580320838D5B00D7ADD7 /* sbw_parts_down_arrow@3x.png in Resources */,
				1E3E56E620862EBB00BEBCF7 /* BasicHeader.xib in Resources */,
				1E842B55201D67B9009E26DB /* logo (2).png in Resources */,
				1E3E56EC2086442900BEBCF7 /* sbw_parts_tab_selected.png in Resources */,
				1E3E56EA2086442900BEBCF7 /* sbw_parts_tab_selected@3x.png in Resources */,
				1EE657FF20838AD600D7ADD7 /* delete.png in Resources */,
				1EE657F92083731600D7ADD7 /* PhotoViewCell.xib in Resources */,
				1E842B4D201D668B009E26DB /* ChoosePhotos.storyboard in Resources */,
				1E3E56EB2086442900BEBCF7 /* sbw_parts_tab_selected@2x.png in Resources */,
				1E40AB5920124C67001CC2C5 /* Splash.storyboard in Resources */,
				1EE657FB2083779500D7ADD7 /* check.png in Resources */,
			);
			runOnlyForDeploymentPostprocessing = 0;
		};
		1E40AB3520124ACF001CC2C5 /* Resources */ = {
			isa = PBXResourcesBuildPhase;
			buildActionMask = 2147483647;
			files = (
			);
			runOnlyForDeploymentPostprocessing = 0;
		};
		1E40AB4020124ACF001CC2C5 /* Resources */ = {
			isa = PBXResourcesBuildPhase;
			buildActionMask = 2147483647;
			files = (
			);
			runOnlyForDeploymentPostprocessing = 0;
		};
/* End PBXResourcesBuildPhase section */

/* Begin PBXShellScriptBuildPhase section */
		128EDC9A6C2C82AD358C3FAC /* [CP] Check Pods Manifest.lock */ = {
			isa = PBXShellScriptBuildPhase;
			buildActionMask = 2147483647;
			files = (
			);
			inputPaths = (
				"${PODS_PODFILE_DIR_PATH}/Podfile.lock",
				"${PODS_ROOT}/Manifest.lock",
			);
			name = "[CP] Check Pods Manifest.lock";
			outputPaths = (
				"$(DERIVED_FILE_DIR)/Pods-GajumalUITests-checkManifestLockResult.txt",
			);
			runOnlyForDeploymentPostprocessing = 0;
			shellPath = /bin/sh;
			shellScript = "diff \"${PODS_PODFILE_DIR_PATH}/Podfile.lock\" \"${PODS_ROOT}/Manifest.lock\" > /dev/null\nif [ $? != 0 ] ; then\n    # print error to STDERR\n    echo \"error: The sandbox is not in sync with the Podfile.lock. Run 'pod install' or update your CocoaPods installation.\" >&2\n    exit 1\nfi\n# This output is used by Xcode 'outputs' to avoid re-running this script phase.\necho \"SUCCESS\" > \"${SCRIPT_OUTPUT_FILE_0}\"\n";
			showEnvVarsInLog = 0;
		};
		3459DE071FD85BAFADA8378A /* [CP] Embed Pods Frameworks */ = {
			isa = PBXShellScriptBuildPhase;
			buildActionMask = 2147483647;
			files = (
			);
			inputPaths = (
			);
			name = "[CP] Embed Pods Frameworks";
			outputPaths = (
			);
			runOnlyForDeploymentPostprocessing = 0;
			shellPath = /bin/sh;
			shellScript = "\"${SRCROOT}/Pods/Target Support Files/Pods-GajumalTests/Pods-GajumalTests-frameworks.sh\"\n";
			showEnvVarsInLog = 0;
		};
		3E171892177B76DBC5C6C0C6 /* [CP] Embed Pods Frameworks */ = {
			isa = PBXShellScriptBuildPhase;
			buildActionMask = 2147483647;
			files = (
			);
			inputPaths = (
			);
			name = "[CP] Embed Pods Frameworks";
			outputPaths = (
			);
			runOnlyForDeploymentPostprocessing = 0;
			shellPath = /bin/sh;
			shellScript = "\"${SRCROOT}/Pods/Target Support Files/Pods-GajumalUITests/Pods-GajumalUITests-frameworks.sh\"\n";
			showEnvVarsInLog = 0;
		};
		8B894556775378AA2D0152A1 /* [CP] Embed Pods Frameworks */ = {
			isa = PBXShellScriptBuildPhase;
			buildActionMask = 2147483647;
			files = (
			);
			inputPaths = (
				"${SRCROOT}/Pods/Target Support Files/Pods-Gajumal/Pods-Gajumal-frameworks.sh",
				"${BUILT_PRODUCTS_DIR}/GTMSessionFetcher/GTMSessionFetcher.framework",
				"${BUILT_PRODUCTS_DIR}/GoogleToolboxForMac/GoogleToolboxForMac.framework",
				"${PODS_ROOT}/TwitterCore/iOS/TwitterCore.framework",
				"${PODS_ROOT}/TwitterKit/iOS/TwitterKit.framework",
				"${BUILT_PRODUCTS_DIR}/nanopb/nanopb.framework",
			);
			name = "[CP] Embed Pods Frameworks";
			outputPaths = (
				"${TARGET_BUILD_DIR}/${FRAMEWORKS_FOLDER_PATH}/GTMSessionFetcher.framework",
				"${TARGET_BUILD_DIR}/${FRAMEWORKS_FOLDER_PATH}/GoogleToolboxForMac.framework",
				"${TARGET_BUILD_DIR}/${FRAMEWORKS_FOLDER_PATH}/TwitterCore.framework",
				"${TARGET_BUILD_DIR}/${FRAMEWORKS_FOLDER_PATH}/TwitterKit.framework",
				"${TARGET_BUILD_DIR}/${FRAMEWORKS_FOLDER_PATH}/nanopb.framework",
			);
			runOnlyForDeploymentPostprocessing = 0;
			shellPath = /bin/sh;
			shellScript = "\"${SRCROOT}/Pods/Target Support Files/Pods-Gajumal/Pods-Gajumal-frameworks.sh\"\n";
			showEnvVarsInLog = 0;
		};
		CA9FB0EA463DF414A30A407A /* [CP] Copy Pods Resources */ = {
			isa = PBXShellScriptBuildPhase;
			buildActionMask = 2147483647;
			files = (
			);
			inputPaths = (
			);
			name = "[CP] Copy Pods Resources";
			outputPaths = (
			);
			runOnlyForDeploymentPostprocessing = 0;
			shellPath = /bin/sh;
			shellScript = "\"${SRCROOT}/Pods/Target Support Files/Pods-GajumalUITests/Pods-GajumalUITests-resources.sh\"\n";
			showEnvVarsInLog = 0;
		};
		CC62E8129CE38F1B7AAE20CF /* [CP] Check Pods Manifest.lock */ = {
			isa = PBXShellScriptBuildPhase;
			buildActionMask = 2147483647;
			files = (
			);
			inputPaths = (
				"${PODS_PODFILE_DIR_PATH}/Podfile.lock",
				"${PODS_ROOT}/Manifest.lock",
			);
			name = "[CP] Check Pods Manifest.lock";
			outputPaths = (
				"$(DERIVED_FILE_DIR)/Pods-GajumalTests-checkManifestLockResult.txt",
			);
			runOnlyForDeploymentPostprocessing = 0;
			shellPath = /bin/sh;
			shellScript = "diff \"${PODS_PODFILE_DIR_PATH}/Podfile.lock\" \"${PODS_ROOT}/Manifest.lock\" > /dev/null\nif [ $? != 0 ] ; then\n    # print error to STDERR\n    echo \"error: The sandbox is not in sync with the Podfile.lock. Run 'pod install' or update your CocoaPods installation.\" >&2\n    exit 1\nfi\n# This output is used by Xcode 'outputs' to avoid re-running this script phase.\necho \"SUCCESS\" > \"${SCRIPT_OUTPUT_FILE_0}\"\n";
			showEnvVarsInLog = 0;
		};
		D43375D09070FE34B349B356 /* [CP] Copy Pods Resources */ = {
			isa = PBXShellScriptBuildPhase;
			buildActionMask = 2147483647;
			files = (
			);
			inputPaths = (
				"${SRCROOT}/Pods/Target Support Files/Pods-Gajumal/Pods-Gajumal-resources.sh",
				"${PODS_ROOT}/TwitterKit/iOS/TwitterKit.framework/TwitterKitResources.bundle",
				"${PODS_ROOT}/TwitterKit/iOS/TwitterKit.framework/TwitterShareExtensionUIResources.bundle",
			);
			name = "[CP] Copy Pods Resources";
			outputPaths = (
				"${TARGET_BUILD_DIR}/${UNLOCALIZED_RESOURCES_FOLDER_PATH}",
			);
			runOnlyForDeploymentPostprocessing = 0;
			shellPath = /bin/sh;
			shellScript = "\"${SRCROOT}/Pods/Target Support Files/Pods-Gajumal/Pods-Gajumal-resources.sh\"\n";
			showEnvVarsInLog = 0;
		};
		E2F6550A1C3D4FA8BABC91EA /* [CP] Check Pods Manifest.lock */ = {
			isa = PBXShellScriptBuildPhase;
			buildActionMask = 2147483647;
			files = (
			);
			inputPaths = (
				"${PODS_PODFILE_DIR_PATH}/Podfile.lock",
				"${PODS_ROOT}/Manifest.lock",
			);
			name = "[CP] Check Pods Manifest.lock";
			outputPaths = (
				"$(DERIVED_FILE_DIR)/Pods-Gajumal-checkManifestLockResult.txt",
			);
			runOnlyForDeploymentPostprocessing = 0;
			shellPath = /bin/sh;
			shellScript = "diff \"${PODS_PODFILE_DIR_PATH}/Podfile.lock\" \"${PODS_ROOT}/Manifest.lock\" > /dev/null\nif [ $? != 0 ] ; then\n    # print error to STDERR\n    echo \"error: The sandbox is not in sync with the Podfile.lock. Run 'pod install' or update your CocoaPods installation.\" >&2\n    exit 1\nfi\n# This output is used by Xcode 'outputs' to avoid re-running this script phase.\necho \"SUCCESS\" > \"${SCRIPT_OUTPUT_FILE_0}\"\n";
			showEnvVarsInLog = 0;
		};
		F15D1CA127F54C58765B9B5D /* [CP] Copy Pods Resources */ = {
			isa = PBXShellScriptBuildPhase;
			buildActionMask = 2147483647;
			files = (
			);
			inputPaths = (
			);
			name = "[CP] Copy Pods Resources";
			outputPaths = (
			);
			runOnlyForDeploymentPostprocessing = 0;
			shellPath = /bin/sh;
			shellScript = "\"${SRCROOT}/Pods/Target Support Files/Pods-GajumalTests/Pods-GajumalTests-resources.sh\"\n";
			showEnvVarsInLog = 0;
		};
/* End PBXShellScriptBuildPhase section */

/* Begin PBXSourcesBuildPhase section */
		1E40AB1F20124ACE001CC2C5 /* Sources */ = {
			isa = PBXSourcesBuildPhase;
			buildActionMask = 2147483647;
			files = (
				1E3E56E420862EAE00BEBCF7 /* BasicHeader.swift in Sources */,
				6B0535612087BFE1006964D3 /* LoginedViewController.swift in Sources */,
				1E40AB6C20138BD1001CC2C5 /* TakePhotosViewController.swift in Sources */,
				1EE657FD2083791500D7ADD7 /* PhotoViewCell.swift in Sources */,
				1E40AB5D20124EC9001CC2C5 /* AlbumHomeViewController.swift in Sources */,
				1E842B4B201D666C009E26DB /* ChoosePhotosViewController.swift in Sources */,
				1E40AB2720124ACF001CC2C5 /* AppDelegate.swift in Sources */,
				1E290C89202B578400B6FCC4 /* AnimatedImage.swift in Sources */,
				1E40AB5720124C1F001CC2C5 /* SplashViewContrlller.swift in Sources */,
				1E40AB7020138BFB001CC2C5 /* AlbumDiaryViewController.swift in Sources */,
				1EE6580820838EDB00D7ADD7 /* GlobalMenuViewController.swift in Sources */,
				1E290C85202B468300B6FCC4 /* DetailPhotosViewController.swift in Sources */,
				1E40AB762013A67D001CC2C5 /* AlbumTableViewCell.swift in Sources */,
				1EE6580C2083924400D7ADD7 /* Common.swift in Sources */,
				1E290C87202B51EF00B6FCC4 /* AnimatedImageView.swift in Sources */,
				1E3E56E02084E89D00BEBCF7 /* OnClickDelegate.swift in Sources */,
				1E3E56DC2084E6B500BEBCF7 /* CustomHeader.swift in Sources */,
				6B0535582087B9F9006964D3 /* SocialLoginViewController.swift in Sources */,
			);
			runOnlyForDeploymentPostprocessing = 0;
		};
		1E40AB3320124ACF001CC2C5 /* Sources */ = {
			isa = PBXSourcesBuildPhase;
			buildActionMask = 2147483647;
			files = (
				1E40AB3C20124ACF001CC2C5 /* GajumalTests.swift in Sources */,
			);
			runOnlyForDeploymentPostprocessing = 0;
		};
		1E40AB3E20124ACF001CC2C5 /* Sources */ = {
			isa = PBXSourcesBuildPhase;
			buildActionMask = 2147483647;
			files = (
				1E40AB4720124ACF001CC2C5 /* GajumalUITests.swift in Sources */,
			);
			runOnlyForDeploymentPostprocessing = 0;
		};
/* End PBXSourcesBuildPhase section */

/* Begin PBXTargetDependency section */
		1E40AB3920124ACF001CC2C5 /* PBXTargetDependency */ = {
			isa = PBXTargetDependency;
			target = 1E40AB2220124ACE001CC2C5 /* Gajumal */;
			targetProxy = 1E40AB3820124ACF001CC2C5 /* PBXContainerItemProxy */;
		};
		1E40AB4420124ACF001CC2C5 /* PBXTargetDependency */ = {
			isa = PBXTargetDependency;
			target = 1E40AB2220124ACE001CC2C5 /* Gajumal */;
			targetProxy = 1E40AB4320124ACF001CC2C5 /* PBXContainerItemProxy */;
		};
/* End PBXTargetDependency section */

/* Begin PBXVariantGroup section */
		1E40AB2F20124ACF001CC2C5 /* LaunchScreen.storyboard */ = {
			isa = PBXVariantGroup;
			children = (
				1E40AB3020124ACF001CC2C5 /* Base */,
			);
			name = LaunchScreen.storyboard;
			sourceTree = "<group>";
		};
/* End PBXVariantGroup section */

/* Begin XCBuildConfiguration section */
		1E40AB4920124ACF001CC2C5 /* Debug */ = {
			isa = XCBuildConfiguration;
			buildSettings = {
				ALWAYS_SEARCH_USER_PATHS = NO;
				CLANG_ANALYZER_NONNULL = YES;
				CLANG_ANALYZER_NUMBER_OBJECT_CONVERSION = YES_AGGRESSIVE;
				CLANG_CXX_LANGUAGE_STANDARD = "gnu++14";
				CLANG_CXX_LIBRARY = "libc++";
				CLANG_ENABLE_MODULES = YES;
				CLANG_ENABLE_OBJC_ARC = YES;
				CLANG_WARN_BLOCK_CAPTURE_AUTORELEASING = YES;
				CLANG_WARN_BOOL_CONVERSION = YES;
				CLANG_WARN_COMMA = YES;
				CLANG_WARN_CONSTANT_CONVERSION = YES;
				CLANG_WARN_DIRECT_OBJC_ISA_USAGE = YES_ERROR;
				CLANG_WARN_DOCUMENTATION_COMMENTS = YES;
				CLANG_WARN_EMPTY_BODY = YES;
				CLANG_WARN_ENUM_CONVERSION = YES;
				CLANG_WARN_INFINITE_RECURSION = YES;
				CLANG_WARN_INT_CONVERSION = YES;
				CLANG_WARN_NON_LITERAL_NULL_CONVERSION = YES;
				CLANG_WARN_OBJC_LITERAL_CONVERSION = YES;
				CLANG_WARN_OBJC_ROOT_CLASS = YES_ERROR;
				CLANG_WARN_RANGE_LOOP_ANALYSIS = YES;
				CLANG_WARN_STRICT_PROTOTYPES = YES;
				CLANG_WARN_SUSPICIOUS_MOVE = YES;
				CLANG_WARN_UNGUARDED_AVAILABILITY = YES_AGGRESSIVE;
				CLANG_WARN_UNREACHABLE_CODE = YES;
				CLANG_WARN__DUPLICATE_METHOD_MATCH = YES;
				CODE_SIGN_IDENTITY = "iPhone Developer";
				COPY_PHASE_STRIP = NO;
				DEBUG_INFORMATION_FORMAT = dwarf;
				ENABLE_STRICT_OBJC_MSGSEND = YES;
				ENABLE_TESTABILITY = YES;
				GCC_C_LANGUAGE_STANDARD = gnu11;
				GCC_DYNAMIC_NO_PIC = NO;
				GCC_NO_COMMON_BLOCKS = YES;
				GCC_OPTIMIZATION_LEVEL = 0;
				GCC_PREPROCESSOR_DEFINITIONS = (
					"DEBUG=1",
					"$(inherited)",
				);
				GCC_WARN_64_TO_32_BIT_CONVERSION = YES;
				GCC_WARN_ABOUT_RETURN_TYPE = YES_ERROR;
				GCC_WARN_UNDECLARED_SELECTOR = YES;
				GCC_WARN_UNINITIALIZED_AUTOS = YES_AGGRESSIVE;
				GCC_WARN_UNUSED_FUNCTION = YES;
				GCC_WARN_UNUSED_VARIABLE = YES;
				IPHONEOS_DEPLOYMENT_TARGET = 11.2;
				MTL_ENABLE_DEBUG_INFO = YES;
				ONLY_ACTIVE_ARCH = YES;
				SDKROOT = iphoneos;
				SWIFT_ACTIVE_COMPILATION_CONDITIONS = DEBUG;
				SWIFT_OPTIMIZATION_LEVEL = "-Onone";
			};
			name = Debug;
		};
		1E40AB4A20124ACF001CC2C5 /* Release */ = {
			isa = XCBuildConfiguration;
			buildSettings = {
				ALWAYS_SEARCH_USER_PATHS = NO;
				CLANG_ANALYZER_NONNULL = YES;
				CLANG_ANALYZER_NUMBER_OBJECT_CONVERSION = YES_AGGRESSIVE;
				CLANG_CXX_LANGUAGE_STANDARD = "gnu++14";
				CLANG_CXX_LIBRARY = "libc++";
				CLANG_ENABLE_MODULES = YES;
				CLANG_ENABLE_OBJC_ARC = YES;
				CLANG_WARN_BLOCK_CAPTURE_AUTORELEASING = YES;
				CLANG_WARN_BOOL_CONVERSION = YES;
				CLANG_WARN_COMMA = YES;
				CLANG_WARN_CONSTANT_CONVERSION = YES;
				CLANG_WARN_DIRECT_OBJC_ISA_USAGE = YES_ERROR;
				CLANG_WARN_DOCUMENTATION_COMMENTS = YES;
				CLANG_WARN_EMPTY_BODY = YES;
				CLANG_WARN_ENUM_CONVERSION = YES;
				CLANG_WARN_INFINITE_RECURSION = YES;
				CLANG_WARN_INT_CONVERSION = YES;
				CLANG_WARN_NON_LITERAL_NULL_CONVERSION = YES;
				CLANG_WARN_OBJC_LITERAL_CONVERSION = YES;
				CLANG_WARN_OBJC_ROOT_CLASS = YES_ERROR;
				CLANG_WARN_RANGE_LOOP_ANALYSIS = YES;
				CLANG_WARN_STRICT_PROTOTYPES = YES;
				CLANG_WARN_SUSPICIOUS_MOVE = YES;
				CLANG_WARN_UNGUARDED_AVAILABILITY = YES_AGGRESSIVE;
				CLANG_WARN_UNREACHABLE_CODE = YES;
				CLANG_WARN__DUPLICATE_METHOD_MATCH = YES;
				CODE_SIGN_IDENTITY = "iPhone Developer";
				COPY_PHASE_STRIP = NO;
				DEBUG_INFORMATION_FORMAT = "dwarf-with-dsym";
				ENABLE_NS_ASSERTIONS = NO;
				ENABLE_STRICT_OBJC_MSGSEND = YES;
				GCC_C_LANGUAGE_STANDARD = gnu11;
				GCC_NO_COMMON_BLOCKS = YES;
				GCC_WARN_64_TO_32_BIT_CONVERSION = YES;
				GCC_WARN_ABOUT_RETURN_TYPE = YES_ERROR;
				GCC_WARN_UNDECLARED_SELECTOR = YES;
				GCC_WARN_UNINITIALIZED_AUTOS = YES_AGGRESSIVE;
				GCC_WARN_UNUSED_FUNCTION = YES;
				GCC_WARN_UNUSED_VARIABLE = YES;
				IPHONEOS_DEPLOYMENT_TARGET = 11.2;
				MTL_ENABLE_DEBUG_INFO = NO;
				SDKROOT = iphoneos;
				SWIFT_OPTIMIZATION_LEVEL = "-Owholemodule";
				VALIDATE_PRODUCT = YES;
			};
			name = Release;
		};
		1E40AB4C20124ACF001CC2C5 /* Debug */ = {
			isa = XCBuildConfiguration;
			baseConfigurationReference = AA69BCBEF35585341B64C5E9 /* Pods-Gajumal.debug.xcconfig */;
			buildSettings = {
				ASSETCATALOG_COMPILER_APPICON_NAME = AppIcon;
				CODE_SIGN_STYLE = Automatic;
				DEVELOPMENT_TEAM = 4X276R3Z6N;
				INFOPLIST_FILE = Gajumal/Info.plist;
				LD_RUNPATH_SEARCH_PATHS = "$(inherited) @executable_path/Frameworks";
				PRODUCT_BUNDLE_IDENTIFIER = jp.myapp.Gajumal;
				PRODUCT_NAME = "$(TARGET_NAME)";
				SWIFT_OBJC_BRIDGING_HEADER = "$(SRCROOT)/$(PROJECT)/Gajumal-Bridging-Header.h";
				SWIFT_VERSION = 4.0;
				TARGETED_DEVICE_FAMILY = "1,2";
			};
			name = Debug;
		};
		1E40AB4D20124ACF001CC2C5 /* Release */ = {
			isa = XCBuildConfiguration;
			baseConfigurationReference = E6C70EF75F2EF143F010F433 /* Pods-Gajumal.release.xcconfig */;
			buildSettings = {
				ASSETCATALOG_COMPILER_APPICON_NAME = AppIcon;
				CODE_SIGN_STYLE = Automatic;
				DEVELOPMENT_TEAM = 4X276R3Z6N;
				INFOPLIST_FILE = Gajumal/Info.plist;
				LD_RUNPATH_SEARCH_PATHS = "$(inherited) @executable_path/Frameworks";
				PRODUCT_BUNDLE_IDENTIFIER = jp.myapp.Gajumal;
				PRODUCT_NAME = "$(TARGET_NAME)";
				SWIFT_OBJC_BRIDGING_HEADER = "$(SRCROOT)/$(PROJECT)/Gajumal-Bridging-Header.h";
				SWIFT_VERSION = 4.0;
				TARGETED_DEVICE_FAMILY = "1,2";
			};
			name = Release;
		};
		1E40AB4F20124ACF001CC2C5 /* Debug */ = {
			isa = XCBuildConfiguration;
			baseConfigurationReference = 616C13C679E04FBEB6E4FFF4 /* Pods-GajumalTests.debug.xcconfig */;
			buildSettings = {
				ALWAYS_EMBED_SWIFT_STANDARD_LIBRARIES = YES;
				BUNDLE_LOADER = "$(TEST_HOST)";
				CODE_SIGN_STYLE = Automatic;
				DEVELOPMENT_TEAM = 4X276R3Z6N;
				INFOPLIST_FILE = GajumalTests/Info.plist;
				LD_RUNPATH_SEARCH_PATHS = "$(inherited) @executable_path/Frameworks @loader_path/Frameworks";
				PRODUCT_BUNDLE_IDENTIFIER = jp.myapp.GajumalTests;
				PRODUCT_NAME = "$(TARGET_NAME)";
				SWIFT_VERSION = 4.0;
				TARGETED_DEVICE_FAMILY = "1,2";
				TEST_HOST = "$(BUILT_PRODUCTS_DIR)/Gajumal.app/Gajumal";
			};
			name = Debug;
		};
		1E40AB5020124ACF001CC2C5 /* Release */ = {
			isa = XCBuildConfiguration;
			baseConfigurationReference = A8B147F52752AB88F7FEF75A /* Pods-GajumalTests.release.xcconfig */;
			buildSettings = {
				ALWAYS_EMBED_SWIFT_STANDARD_LIBRARIES = YES;
				BUNDLE_LOADER = "$(TEST_HOST)";
				CODE_SIGN_STYLE = Automatic;
				DEVELOPMENT_TEAM = 4X276R3Z6N;
				INFOPLIST_FILE = GajumalTests/Info.plist;
				LD_RUNPATH_SEARCH_PATHS = "$(inherited) @executable_path/Frameworks @loader_path/Frameworks";
				PRODUCT_BUNDLE_IDENTIFIER = jp.myapp.GajumalTests;
				PRODUCT_NAME = "$(TARGET_NAME)";
				SWIFT_VERSION = 4.0;
				TARGETED_DEVICE_FAMILY = "1,2";
				TEST_HOST = "$(BUILT_PRODUCTS_DIR)/Gajumal.app/Gajumal";
			};
			name = Release;
		};
		1E40AB5220124ACF001CC2C5 /* Debug */ = {
			isa = XCBuildConfiguration;
			baseConfigurationReference = 8C90154DC1511A22F08F5557 /* Pods-GajumalUITests.debug.xcconfig */;
			buildSettings = {
				ALWAYS_EMBED_SWIFT_STANDARD_LIBRARIES = YES;
				CODE_SIGN_STYLE = Automatic;
				DEVELOPMENT_TEAM = 4X276R3Z6N;
				INFOPLIST_FILE = GajumalUITests/Info.plist;
				LD_RUNPATH_SEARCH_PATHS = "$(inherited) @executable_path/Frameworks @loader_path/Frameworks";
				PRODUCT_BUNDLE_IDENTIFIER = jp.myapp.GajumalUITests;
				PRODUCT_NAME = "$(TARGET_NAME)";
				SWIFT_VERSION = 4.0;
				TARGETED_DEVICE_FAMILY = "1,2";
				TEST_TARGET_NAME = Gajumal;
			};
			name = Debug;
		};
		1E40AB5320124ACF001CC2C5 /* Release */ = {
			isa = XCBuildConfiguration;
			baseConfigurationReference = 364366B0DD8C64C463D53876 /* Pods-GajumalUITests.release.xcconfig */;
			buildSettings = {
				ALWAYS_EMBED_SWIFT_STANDARD_LIBRARIES = YES;
				CODE_SIGN_STYLE = Automatic;
				DEVELOPMENT_TEAM = 4X276R3Z6N;
				INFOPLIST_FILE = GajumalUITests/Info.plist;
				LD_RUNPATH_SEARCH_PATHS = "$(inherited) @executable_path/Frameworks @loader_path/Frameworks";
				PRODUCT_BUNDLE_IDENTIFIER = jp.myapp.GajumalUITests;
				PRODUCT_NAME = "$(TARGET_NAME)";
				SWIFT_VERSION = 4.0;
				TARGETED_DEVICE_FAMILY = "1,2";
				TEST_TARGET_NAME = Gajumal;
			};
			name = Release;
		};
/* End XCBuildConfiguration section */

/* Begin XCConfigurationList section */
		1E40AB1E20124ACE001CC2C5 /* Build configuration list for PBXProject "Gajumal" */ = {
			isa = XCConfigurationList;
			buildConfigurations = (
				1E40AB4920124ACF001CC2C5 /* Debug */,
				1E40AB4A20124ACF001CC2C5 /* Release */,
			);
			defaultConfigurationIsVisible = 0;
			defaultConfigurationName = Release;
		};
		1E40AB4B20124ACF001CC2C5 /* Build configuration list for PBXNativeTarget "Gajumal" */ = {
			isa = XCConfigurationList;
			buildConfigurations = (
				1E40AB4C20124ACF001CC2C5 /* Debug */,
				1E40AB4D20124ACF001CC2C5 /* Release */,
			);
			defaultConfigurationIsVisible = 0;
			defaultConfigurationName = Release;
		};
		1E40AB4E20124ACF001CC2C5 /* Build configuration list for PBXNativeTarget "GajumalTests" */ = {
			isa = XCConfigurationList;
			buildConfigurations = (
				1E40AB4F20124ACF001CC2C5 /* Debug */,
				1E40AB5020124ACF001CC2C5 /* Release */,
			);
			defaultConfigurationIsVisible = 0;
			defaultConfigurationName = Release;
		};
		1E40AB5120124ACF001CC2C5 /* Build configuration list for PBXNativeTarget "GajumalUITests" */ = {
			isa = XCConfigurationList;
			buildConfigurations = (
				1E40AB5220124ACF001CC2C5 /* Debug */,
				1E40AB5320124ACF001CC2C5 /* Release */,
			);
			defaultConfigurationIsVisible = 0;
			defaultConfigurationName = Release;
		};
/* End XCConfigurationList section */
	};
	rootObject = 1E40AB1B20124ACE001CC2C5 /* Project object */;
}
